// !$*UTF8*$!
{
	archiveVersion = 1;
	classes = {
	};
	objectVersion = 51;
	objects = {

/* Begin PBXBuildFile section */
		144623A51BA4A8D3715D08C2 /* Pods_TwoGTTests.framework in Frameworks */ = {isa = PBXBuildFile; fileRef = 178FF39C7FDC51619F211D0B /* Pods_TwoGTTests.framework */; };
		5D067E5B252837F200E8546C /* UIImage+Additions.swift in Sources */ = {isa = PBXBuildFile; fileRef = 5D067E5A252837F200E8546C /* UIImage+Additions.swift */; };
		5D0A268225226A2B00FEBE62 /* CardTemplateModel+Dragging.swift in Sources */ = {isa = PBXBuildFile; fileRef = 5D0A268025226A2A00FEBE62 /* CardTemplateModel+Dragging.swift */; };
		5D0A268325226A2B00FEBE62 /* CardTemplateModel.swift in Sources */ = {isa = PBXBuildFile; fileRef = 5D0A268125226A2B00FEBE62 /* CardTemplateModel.swift */; };
		5D0A268B252291C000FEBE62 /* CustomCardCells.swift in Sources */ = {isa = PBXBuildFile; fileRef = 5D0A268A252291C000FEBE62 /* CustomCardCells.swift */; };
		5D2AAFB12518464500F5CE82 /* Dashboard.storyboard in Resources */ = {isa = PBXBuildFile; fileRef = 5D2AAFB02518464500F5CE82 /* Dashboard.storyboard */; };
		5D2AAFB5251854CE00F5CE82 /* InviteATesterVC.swift in Sources */ = {isa = PBXBuildFile; fileRef = 5D2AAFB4251854CE00F5CE82 /* InviteATesterVC.swift */; };
		5D2AAFB925192EAF00F5CE82 /* LocalAuthentication.framework in Frameworks */ = {isa = PBXBuildFile; fileRef = 5D2AAFB825192EAE00F5CE82 /* LocalAuthentication.framework */; };
		5D348A6025082AB700725820 /* Cards.storyboard in Resources */ = {isa = PBXBuildFile; fileRef = 5D348A5F25082AB700725820 /* Cards.storyboard */; };
		5D348A6325082CB200725820 /* CardsIntroVC.swift in Sources */ = {isa = PBXBuildFile; fileRef = 5D348A6225082CB200725820 /* CardsIntroVC.swift */; };
		5D348A65250839E600725820 /* BaseSwipeVC.swift in Sources */ = {isa = PBXBuildFile; fileRef = 5D348A64250839E600725820 /* BaseSwipeVC.swift */; };
		5D3773DB25254D40004060F6 /* RatingVC.swift in Sources */ = {isa = PBXBuildFile; fileRef = 5D3773DA25254D40004060F6 /* RatingVC.swift */; };
		5D3773EA252613D5004060F6 /* TextViewHelperVC.swift in Sources */ = {isa = PBXBuildFile; fileRef = 5D3773E9252613D5004060F6 /* TextViewHelperVC.swift */; };
		5D3773EE25261925004060F6 /* Helper.storyboard in Resources */ = {isa = PBXBuildFile; fileRef = 5D3773ED25261925004060F6 /* Helper.storyboard */; };
		5D3773F225265375004060F6 /* CompleteAndSendCardVC.swift in Sources */ = {isa = PBXBuildFile; fileRef = 5D3773F125265375004060F6 /* CompleteAndSendCardVC.swift */; };
		5D3A176224B671F90070739D /* AppDelegate.swift in Sources */ = {isa = PBXBuildFile; fileRef = 5D3A176124B671F90070739D /* AppDelegate.swift */; };
		5D3A176424B671F90070739D /* SceneDelegate.swift in Sources */ = {isa = PBXBuildFile; fileRef = 5D3A176324B671F90070739D /* SceneDelegate.swift */; };
		5D3A176924B671F90070739D /* ContentView.swift in Sources */ = {isa = PBXBuildFile; fileRef = 5D3A176824B671F90070739D /* ContentView.swift */; };
		5D3A176B24B671FC0070739D /* Assets.xcassets in Resources */ = {isa = PBXBuildFile; fileRef = 5D3A176A24B671FC0070739D /* Assets.xcassets */; };
		5D3A176E24B671FC0070739D /* Preview Assets.xcassets in Resources */ = {isa = PBXBuildFile; fileRef = 5D3A176D24B671FC0070739D /* Preview Assets.xcassets */; };
		5D3A177124B671FC0070739D /* LaunchScreen.storyboard in Resources */ = {isa = PBXBuildFile; fileRef = 5D3A176F24B671FC0070739D /* LaunchScreen.storyboard */; };
		5D3A177C24B671FD0070739D /* TwoGTTests.swift in Sources */ = {isa = PBXBuildFile; fileRef = 5D3A177B24B671FD0070739D /* TwoGTTests.swift */; };
		5D47FB97252AC475004472EE /* GateKeeper.swift in Sources */ = {isa = PBXBuildFile; fileRef = 5D47FB96252AC475004472EE /* GateKeeper.swift */; };
		5D4A81F02509793300AFC5E5 /* NeedsSearchDisplayVC.swift in Sources */ = {isa = PBXBuildFile; fileRef = 5D4A81EF2509793300AFC5E5 /* NeedsSearchDisplayVC.swift */; };
		5D4A81F425097F2100AFC5E5 /* Notes.swift in Sources */ = {isa = PBXBuildFile; fileRef = 5D4A81F325097F2100AFC5E5 /* Notes.swift */; };
		5D4A81F7250A860200AFC5E5 /* ViewIndividualNeedVC.swift in Sources */ = {isa = PBXBuildFile; fileRef = 5D4A81F6250A860200AFC5E5 /* ViewIndividualNeedVC.swift */; };
		5D4A81F9250A959500AFC5E5 /* UIApplication+Extensions.swift in Sources */ = {isa = PBXBuildFile; fileRef = 5D4A81F8250A959500AFC5E5 /* UIApplication+Extensions.swift */; };
		5D4A81FC250A99BB00AFC5E5 /* FeedbackVC.swift in Sources */ = {isa = PBXBuildFile; fileRef = 5D4A81FB250A99BB00AFC5E5 /* FeedbackVC.swift */; };
		5D5948A8251CE6C8004D0BFB /* AddNeedToWatchVC.swift in Sources */ = {isa = PBXBuildFile; fileRef = 5D5948A7251CE6C8004D0BFB /* AddNeedToWatchVC.swift */; };
		5D5D943124E2AF690077F488 /* citiesAndStates.json in Resources */ = {isa = PBXBuildFile; fileRef = 5D5D943024E2AF690077F488 /* citiesAndStates.json */; };
		5D5D943324E2B11C0077F488 /* CityStateSearchVC.swift in Sources */ = {isa = PBXBuildFile; fileRef = 5D5D943224E2B11C0077F488 /* CityStateSearchVC.swift */; };
		5D5EDD8F2519639F00A61342 /* DashboardDeMinimusVC.swift in Sources */ = {isa = PBXBuildFile; fileRef = 5D5EDD8E2519639F00A61342 /* DashboardDeMinimusVC.swift */; };
		5D602A53251CF458001B18F5 /* AddHaveToWatchVC.swift in Sources */ = {isa = PBXBuildFile; fileRef = 5D602A52251CF458001B18F5 /* AddHaveToWatchVC.swift */; };
		5D602A57251D3EAC001B18F5 /* CreativeCommonsVC.swift in Sources */ = {isa = PBXBuildFile; fileRef = 5D602A56251D3EAC001B18F5 /* CreativeCommonsVC.swift */; };
		5D602A5A251D43D5001B18F5 /* creativeCommons.json in Resources */ = {isa = PBXBuildFile; fileRef = 5D5948A4251C407C004D0BFB /* creativeCommons.json */; };
		5D61635224E063A500829AF2 /* NoHome.storyboard in Resources */ = {isa = PBXBuildFile; fileRef = 5D61635124E063A500829AF2 /* NoHome.storyboard */; };
		5D61635424E0678E00829AF2 /* ProfileCustomTab.swift in Sources */ = {isa = PBXBuildFile; fileRef = 5D61635324E0678E00829AF2 /* ProfileCustomTab.swift */; };
		5D61635624E086E400829AF2 /* Customizer.swift in Sources */ = {isa = PBXBuildFile; fileRef = 5D61635524E086E400829AF2 /* Customizer.swift */; };
		5D61635924E08F8000829AF2 /* Enums.swift in Sources */ = {isa = PBXBuildFile; fileRef = 5D61635824E08F8000829AF2 /* Enums.swift */; };
		5D61635B24E090CB00829AF2 /* MarketplaceMatchesVC.swift in Sources */ = {isa = PBXBuildFile; fileRef = 5D61635A24E090CB00829AF2 /* MarketplaceMatchesVC.swift */; };
		5D61635E24E090F400829AF2 /* MarketplaceSearchAndCreationVC.swift in Sources */ = {isa = PBXBuildFile; fileRef = 5D61635D24E090F400829AF2 /* MarketplaceSearchAndCreationVC.swift */; };
		5D61636024E0972D00829AF2 /* KeychainService.swift in Sources */ = {isa = PBXBuildFile; fileRef = 5D61635F24E0972D00829AF2 /* KeychainService.swift */; };
		5D6B2108250186BA00745A69 /* UIViewController+Extensions.swift in Sources */ = {isa = PBXBuildFile; fileRef = 5D6B2104250186B900745A69 /* UIViewController+Extensions.swift */; };
		5D6B2109250186BA00745A69 /* UIColor+Hex.swift in Sources */ = {isa = PBXBuildFile; fileRef = 5D6B2107250186BA00745A69 /* UIColor+Hex.swift */; };
		5D6B210A250186BA00745A69 /* Date+Extensions.swift in Sources */ = {isa = PBXBuildFile; fileRef = 5D6B2106250186BA00745A69 /* Date+Extensions.swift */; };
		5D6B210B250186BA00745A69 /* UIView+Extensions.swift in Sources */ = {isa = PBXBuildFile; fileRef = 5D6B2105250186BA00745A69 /* UIView+Extensions.swift */; };
		5D6B210E2507DA1D00745A69 /* Marketplace.storyboard in Resources */ = {isa = PBXBuildFile; fileRef = 5D6B210D2507DA1D00745A69 /* Marketplace.storyboard */; };
		5D6B21112507E97700745A69 /* Events.storyboard in Resources */ = {isa = PBXBuildFile; fileRef = 5D6B21102507E97700745A69 /* Events.storyboard */; };
		5D76DF2B252B7ED7008822A4 /* ContactIntroVC.swift in Sources */ = {isa = PBXBuildFile; fileRef = 5D76DF2A252B7ED7008822A4 /* ContactIntroVC.swift */; };
		5D77247B25112FAB0031A9CA /* JSONSchemaSupport.swift in Sources */ = {isa = PBXBuildFile; fileRef = 5D77247A25112FAB0031A9CA /* JSONSchemaSupport.swift */; };
		5D77248525114DE10031A9CA /* PurposeCreationManager.swift in Sources */ = {isa = PBXBuildFile; fileRef = 5D77248425114DE10031A9CA /* PurposeCreationManager.swift */; };
		5D772487251194930031A9CA /* HavesSearchDisplayVC.swift in Sources */ = {isa = PBXBuildFile; fileRef = 5D772486251194930031A9CA /* HavesSearchDisplayVC.swift */; };
		5D7724892511E2F30031A9CA /* ViewIndividualHaveVC.swift in Sources */ = {isa = PBXBuildFile; fileRef = 5D7724882511E2F30031A9CA /* ViewIndividualHaveVC.swift */; };
		5D8A05BC2508AAD600202F79 /* DashboardVC.swift in Sources */ = {isa = PBXBuildFile; fileRef = 5D8A05BB2508AAD600202F79 /* DashboardVC.swift */; };
		5D8AF9422523DC3100B0B6FC /* CoreDataImageHelper.swift in Sources */ = {isa = PBXBuildFile; fileRef = 5D8AF9412523DC3100B0B6FC /* CoreDataImageHelper.swift */; };
		5D8AF9642524D37000B0B6FC /* ViewMyTemplateVC.swift in Sources */ = {isa = PBXBuildFile; fileRef = 5D8AF9632524D36F00B0B6FC /* ViewMyTemplateVC.swift */; };
		5D8AF9B42525401300B0B6FC /* ViewContactVC.swift in Sources */ = {isa = PBXBuildFile; fileRef = 5D8AF9B32525401300B0B6FC /* ViewContactVC.swift */; };
		5D937D26252BDCD700DC02D1 /* Community+CoreDataProperties.swift in Sources */ = {isa = PBXBuildFile; fileRef = 5D937D06252BDCD700DC02D1 /* Community+CoreDataProperties.swift */; };
		5D937D27252BDCD700DC02D1 /* Contact+CoreDataProperties.swift in Sources */ = {isa = PBXBuildFile; fileRef = 5D937D07252BDCD700DC02D1 /* Contact+CoreDataProperties.swift */; };
		5D937D28252BDCD700DC02D1 /* ContactRating+CoreDataClass.swift in Sources */ = {isa = PBXBuildFile; fileRef = 5D937D08252BDCD700DC02D1 /* ContactRating+CoreDataClass.swift */; };
		5D937D29252BDCD700DC02D1 /* SocialMedia+CoreDataClass.swift in Sources */ = {isa = PBXBuildFile; fileRef = 5D937D09252BDCD700DC02D1 /* SocialMedia+CoreDataClass.swift */; };
		5D937D2A252BDCD700DC02D1 /* SearchLocation+CoreDataProperties.swift in Sources */ = {isa = PBXBuildFile; fileRef = 5D937D0A252BDCD700DC02D1 /* SearchLocation+CoreDataProperties.swift */; };
		5D937D2B252BDCD700DC02D1 /* SearchLocation+CoreDataClass.swift in Sources */ = {isa = PBXBuildFile; fileRef = 5D937D0B252BDCD700DC02D1 /* SearchLocation+CoreDataClass.swift */; };
		5D937D2C252BDCD700DC02D1 /* AppLocationInfo+CoreDataClass.swift in Sources */ = {isa = PBXBuildFile; fileRef = 5D937D0C252BDCD700DC02D1 /* AppLocationInfo+CoreDataClass.swift */; };
		5D937D2D252BDCD700DC02D1 /* Community+CoreDataClass.swift in Sources */ = {isa = PBXBuildFile; fileRef = 5D937D0D252BDCD700DC02D1 /* Community+CoreDataClass.swift */; };
		5D937D2E252BDCD700DC02D1 /* CardTemplate+CoreDataProperties.swift in Sources */ = {isa = PBXBuildFile; fileRef = 5D937D0E252BDCD700DC02D1 /* CardTemplate+CoreDataProperties.swift */; };
		5D937D2F252BDCD700DC02D1 /* ImageInfo+CoreDataClass.swift in Sources */ = {isa = PBXBuildFile; fileRef = 5D937D0F252BDCD700DC02D1 /* ImageInfo+CoreDataClass.swift */; };
		5D937D30252BDCD700DC02D1 /* SocialMedia+CoreDataProperties.swift in Sources */ = {isa = PBXBuildFile; fileRef = 5D937D10252BDCD700DC02D1 /* SocialMedia+CoreDataProperties.swift */; };
		5D937D31252BDCD700DC02D1 /* Have+CoreDataClass.swift in Sources */ = {isa = PBXBuildFile; fileRef = 5D937D11252BDCD700DC02D1 /* Have+CoreDataClass.swift */; };
		5D937D32252BDCD700DC02D1 /* CardTemplateInstance+CoreDataClass.swift in Sources */ = {isa = PBXBuildFile; fileRef = 5D937D12252BDCD700DC02D1 /* CardTemplateInstance+CoreDataClass.swift */; };
		5D937D33252BDCD700DC02D1 /* Item+CoreDataProperties.swift in Sources */ = {isa = PBXBuildFile; fileRef = 5D937D13252BDCD700DC02D1 /* Item+CoreDataProperties.swift */; };
		5D937D34252BDCD700DC02D1 /* CardTemplate+CoreDataClass.swift in Sources */ = {isa = PBXBuildFile; fileRef = 5D937D14252BDCD700DC02D1 /* CardTemplate+CoreDataClass.swift */; };
		5D937D35252BDCD700DC02D1 /* Email+CoreDataClass.swift in Sources */ = {isa = PBXBuildFile; fileRef = 5D937D15252BDCD700DC02D1 /* Email+CoreDataClass.swift */; };
		5D937D36252BDCD700DC02D1 /* ImageInfo+CoreDataProperties.swift in Sources */ = {isa = PBXBuildFile; fileRef = 5D937D16252BDCD700DC02D1 /* ImageInfo+CoreDataProperties.swift */; };
		5D937D37252BDCD700DC02D1 /* Address+CoreDataProperties.swift in Sources */ = {isa = PBXBuildFile; fileRef = 5D937D17252BDCD700DC02D1 /* Address+CoreDataProperties.swift */; };
		5D937D38252BDCD700DC02D1 /* Email+CoreDataProperties.swift in Sources */ = {isa = PBXBuildFile; fileRef = 5D937D18252BDCD700DC02D1 /* Email+CoreDataProperties.swift */; };
		5D937D39252BDCD700DC02D1 /* Address+CoreDataClass.swift in Sources */ = {isa = PBXBuildFile; fileRef = 5D937D19252BDCD700DC02D1 /* Address+CoreDataClass.swift */; };
		5D937D3A252BDCD700DC02D1 /* Contact+CoreDataClass.swift in Sources */ = {isa = PBXBuildFile; fileRef = 5D937D1A252BDCD700DC02D1 /* Contact+CoreDataClass.swift */; };
		5D937D3B252BDCD700DC02D1 /* ContactRating+CoreDataProperties.swift in Sources */ = {isa = PBXBuildFile; fileRef = 5D937D1B252BDCD700DC02D1 /* ContactRating+CoreDataProperties.swift */; };
		5D937D3C252BDCD700DC02D1 /* User+CoreDataProperties.swift in Sources */ = {isa = PBXBuildFile; fileRef = 5D937D1C252BDCD700DC02D1 /* User+CoreDataProperties.swift */; };
		5D937D3D252BDCD700DC02D1 /* Item+CoreDataClass.swift in Sources */ = {isa = PBXBuildFile; fileRef = 5D937D1D252BDCD700DC02D1 /* Item+CoreDataClass.swift */; };
		5D937D3E252BDCD700DC02D1 /* CardTemplateInstance+CoreDataProperties.swift in Sources */ = {isa = PBXBuildFile; fileRef = 5D937D1E252BDCD700DC02D1 /* CardTemplateInstance+CoreDataProperties.swift */; };
		5D937D3F252BDCD700DC02D1 /* User+CoreDataClass.swift in Sources */ = {isa = PBXBuildFile; fileRef = 5D937D1F252BDCD700DC02D1 /* User+CoreDataClass.swift */; };
		5D937D40252BDCD700DC02D1 /* Need+CoreDataClass.swift in Sources */ = {isa = PBXBuildFile; fileRef = 5D937D20252BDCD700DC02D1 /* Need+CoreDataClass.swift */; };
		5D937D41252BDCD700DC02D1 /* AppLocationInfo+CoreDataProperties.swift in Sources */ = {isa = PBXBuildFile; fileRef = 5D937D21252BDCD700DC02D1 /* AppLocationInfo+CoreDataProperties.swift */; };
		5D937D42252BDCD700DC02D1 /* PhoneNumber+CoreDataProperties.swift in Sources */ = {isa = PBXBuildFile; fileRef = 5D937D22252BDCD700DC02D1 /* PhoneNumber+CoreDataProperties.swift */; };
		5D937D43252BDCD700DC02D1 /* PhoneNumber+CoreDataClass.swift in Sources */ = {isa = PBXBuildFile; fileRef = 5D937D23252BDCD700DC02D1 /* PhoneNumber+CoreDataClass.swift */; };
		5D937D44252BDCD700DC02D1 /* Need+CoreDataProperties.swift in Sources */ = {isa = PBXBuildFile; fileRef = 5D937D24252BDCD700DC02D1 /* Need+CoreDataProperties.swift */; };
		5D937D45252BDCD700DC02D1 /* Have+CoreDataProperties.swift in Sources */ = {isa = PBXBuildFile; fileRef = 5D937D25252BDCD700DC02D1 /* Have+CoreDataProperties.swift */; };
		5DA077882512AFF1000E46D9 /* EventsSearchAndCreationVC.swift in Sources */ = {isa = PBXBuildFile; fileRef = 5DA077872512AFF1000E46D9 /* EventsSearchAndCreationVC.swift */; };
		5DBB81A8251AB65D00614B70 /* MarketplaceModel.swift in Sources */ = {isa = PBXBuildFile; fileRef = 5DBB81A7251AB65D00614B70 /* MarketplaceModel.swift */; };
		5DBDA5CA25158E32001A80A5 /* MyNeedsSearchDisplayVC.swift in Sources */ = {isa = PBXBuildFile; fileRef = 5DBDA5C925158E32001A80A5 /* MyNeedsSearchDisplayVC.swift */; };
		5DBDA5CF25158E58001A80A5 /* MyHavesSearchDisplayVC.swift in Sources */ = {isa = PBXBuildFile; fileRef = 5DBDA5CE25158E58001A80A5 /* MyHavesSearchDisplayVC.swift */; };
		5DBDA61325160C0C001A80A5 /* AsyncImage.swift in Sources */ = {isa = PBXBuildFile; fileRef = 5DBDA60E25160C0C001A80A5 /* AsyncImage.swift */; };
		5DBDA61425160C0C001A80A5 /* ImageLoader.swift in Sources */ = {isa = PBXBuildFile; fileRef = 5DBDA60F25160C0C001A80A5 /* ImageLoader.swift */; };
		5DBDA61525160C0C001A80A5 /* EnvironmentValues+ImageCache.swift in Sources */ = {isa = PBXBuildFile; fileRef = 5DBDA61025160C0C001A80A5 /* EnvironmentValues+ImageCache.swift */; };
		5DBDA61625160C0C001A80A5 /* ImageCache.swift in Sources */ = {isa = PBXBuildFile; fileRef = 5DBDA61125160C0C001A80A5 /* ImageCache.swift */; };
		5DBE439624C62A5A002C6515 /* LogInVC.swift in Sources */ = {isa = PBXBuildFile; fileRef = 5DBE439524C62A5A002C6515 /* LogInVC.swift */; };
		5DBE439824C64219002C6515 /* YouVC.swift in Sources */ = {isa = PBXBuildFile; fileRef = 5DBE439724C64219002C6515 /* YouVC.swift */; };
		5DC434C7251E5B310036BEF8 /* AddNewAddressVC.swift in Sources */ = {isa = PBXBuildFile; fileRef = 5DC434C6251E5B310036BEF8 /* AddNewAddressVC.swift */; };
		5DC434D3251EF56B0036BEF8 /* AddNewEmailVC.swift in Sources */ = {isa = PBXBuildFile; fileRef = 5DC434D2251EF56A0036BEF8 /* AddNewEmailVC.swift */; };
		5DC434D7251EF5800036BEF8 /* AddNewPhoneNumberVC.swift in Sources */ = {isa = PBXBuildFile; fileRef = 5DC434D6251EF5800036BEF8 /* AddNewPhoneNumberVC.swift */; };
		5DC434DB251FA25D0036BEF8 /* CardTemplatesVC.swift in Sources */ = {isa = PBXBuildFile; fileRef = 5DC434DA251FA25D0036BEF8 /* CardTemplatesVC.swift */; };
		5DC434DF251FA2C20036BEF8 /* AllReceivedCardsVC.swift in Sources */ = {isa = PBXBuildFile; fileRef = 5DC434DE251FA2C20036BEF8 /* AllReceivedCardsVC.swift */; };
		5DC434E4251FD3AB0036BEF8 /* ClassesForCustomizer.swift in Sources */ = {isa = PBXBuildFile; fileRef = 5DC434E3251FD3AA0036BEF8 /* ClassesForCustomizer.swift */; };
		5DC87A2025161778004BCB3E /* MyCardInitialView.swift in Sources */ = {isa = PBXBuildFile; fileRef = 5DC87A1F25161778004BCB3E /* MyCardInitialView.swift */; };
		5DD8F4EF25165E75004A4528 /* ViewMyNeedVC.swift in Sources */ = {isa = PBXBuildFile; fileRef = 5DD8F4EE25165E75004A4528 /* ViewMyNeedVC.swift */; };
		5DD8F4F325165E8C004A4528 /* ViewMyHaveVC.swift in Sources */ = {isa = PBXBuildFile; fileRef = 5DD8F4F225165E8C004A4528 /* ViewMyHaveVC.swift */; };
		5DF3C6C9250AFBBF00F8D510 /* String+Extensions.swift in Sources */ = {isa = PBXBuildFile; fileRef = 5DF3C6C8250AFBBF00F8D510 /* String+Extensions.swift */; };
		5DF3C6CC250BD86000F8D510 /* EntryFlowVCCollection.swift in Sources */ = {isa = PBXBuildFile; fileRef = 5DF3C6CB250BD86000F8D510 /* EntryFlowVCCollection.swift */; };
		5DF3C6CE250BED8200F8D510 /* contributors.json in Resources */ = {isa = PBXBuildFile; fileRef = 5DF3C6CD250BED8200F8D510 /* contributors.json */; };
		5DF3C6D0250BF04700F8D510 /* ContributorsVC.swift in Sources */ = {isa = PBXBuildFile; fileRef = 5DF3C6CF250BF04700F8D510 /* ContributorsVC.swift */; };
		5DF880AA2520556200E34F2F /* SpinnerVC.swift in Sources */ = {isa = PBXBuildFile; fileRef = 5DF880A92520556200E34F2F /* SpinnerVC.swift */; };
		5DF880AE2520FEA700E34F2F /* CardTemplateCreatorVC.swift in Sources */ = {isa = PBXBuildFile; fileRef = 5DF880AD2520FEA600E34F2F /* CardTemplateCreatorVC.swift */; };
		5DFF42D12513E6F3007F8CE4 /* Saves.swift in Sources */ = {isa = PBXBuildFile; fileRef = 5DFF42D02513E6F2007F8CE4 /* Saves.swift */; };
		5DFF42F22513E852007F8CE4 /* TwoGT.xcdatamodeld in Resources */ = {isa = PBXBuildFile; fileRef = 5D3A176524B671F90070739D /* TwoGT.xcdatamodeld */; };
		6D10D5552527A32700694EDF /* UserHandles.swift in Sources */ = {isa = PBXBuildFile; fileRef = 6D10D5542527A32700694EDF /* UserHandles.swift */; };
		6D12F8FB2517141A000221E9 /* CoreDataObjectExtensions.swift in Sources */ = {isa = PBXBuildFile; fileRef = 6D12F8D62517141A000221E9 /* CoreDataObjectExtensions.swift */; };
		6D4E00FA2506E33E004BD000 /* GoogleService-Info.plist in Resources */ = {isa = PBXBuildFile; fileRef = 6D4E00F92506E33D004BD000 /* GoogleService-Info.plist */; };
		6D4E00FC2506E7D1004BD000 /* NewsFeedFetcher.swift in Sources */ = {isa = PBXBuildFile; fileRef = 6D4E00FB2506E7D1004BD000 /* NewsFeedFetcher.swift */; };
		6D4E00FE25070222004BD000 /* NeedWriter.swift in Sources */ = {isa = PBXBuildFile; fileRef = 6D4E00FD25070222004BD000 /* NeedWriter.swift */; };
		6D4E01002507247A004BD000 /* NeedFetcher.swift in Sources */ = {isa = PBXBuildFile; fileRef = 6D4E00FF2507247A004BD000 /* NeedFetcher.swift */; };
		6D4E010225086514004BD000 /* HaveWriter.swift in Sources */ = {isa = PBXBuildFile; fileRef = 6D4E010125086514004BD000 /* HaveWriter.swift */; };
		6D4E01042508679C004BD000 /* HaveFetcher.swift in Sources */ = {isa = PBXBuildFile; fileRef = 6D4E01032508679C004BD000 /* HaveFetcher.swift */; };
		6D6254222524FAE500E47E06 /* CardFetcher.swift in Sources */ = {isa = PBXBuildFile; fileRef = 6D6254212524FAE500E47E06 /* CardFetcher.swift */; };
		6D6254262524FEAE00E47E06 /* CardWriter.swift in Sources */ = {isa = PBXBuildFile; fileRef = 6D6254252524FEAE00E47E06 /* CardWriter.swift */; };
		6D62543225253C5800E47E06 /* CardReceiverObserver.swift in Sources */ = {isa = PBXBuildFile; fileRef = 6D62543125253C5800E47E06 /* CardReceiverObserver.swift */; };
		C7F7238BDE5867476C942941 /* Pods_TwoGT.framework in Frameworks */ = {isa = PBXBuildFile; fileRef = AF6D98D12DEA1C9798A44A6C /* Pods_TwoGT.framework */; };
/* End PBXBuildFile section */

/* Begin PBXContainerItemProxy section */
		5D3A177824B671FD0070739D /* PBXContainerItemProxy */ = {
			isa = PBXContainerItemProxy;
			containerPortal = 5D3A175624B671F90070739D /* Project object */;
			proxyType = 1;
			remoteGlobalIDString = 5D3A175D24B671F90070739D;
			remoteInfo = TwoGT;
		};
/* End PBXContainerItemProxy section */

/* Begin PBXFileReference section */
		178FF39C7FDC51619F211D0B /* Pods_TwoGTTests.framework */ = {isa = PBXFileReference; explicitFileType = wrapper.framework; includeInIndex = 0; path = Pods_TwoGTTests.framework; sourceTree = BUILT_PRODUCTS_DIR; };
		3C4DAA0228444D1B5B063AB2 /* Pods-TwoGTTests.debug.xcconfig */ = {isa = PBXFileReference; includeInIndex = 1; lastKnownFileType = text.xcconfig; name = "Pods-TwoGTTests.debug.xcconfig"; path = "Target Support Files/Pods-TwoGTTests/Pods-TwoGTTests.debug.xcconfig"; sourceTree = "<group>"; };
		5D067E5A252837F200E8546C /* UIImage+Additions.swift */ = {isa = PBXFileReference; fileEncoding = 4; lastKnownFileType = sourcecode.swift; path = "UIImage+Additions.swift"; sourceTree = "<group>"; };
		5D0A268025226A2A00FEBE62 /* CardTemplateModel+Dragging.swift */ = {isa = PBXFileReference; fileEncoding = 4; lastKnownFileType = sourcecode.swift; path = "CardTemplateModel+Dragging.swift"; sourceTree = "<group>"; };
		5D0A268125226A2B00FEBE62 /* CardTemplateModel.swift */ = {isa = PBXFileReference; fileEncoding = 4; lastKnownFileType = sourcecode.swift; path = CardTemplateModel.swift; sourceTree = "<group>"; };
		5D0A268A252291C000FEBE62 /* CustomCardCells.swift */ = {isa = PBXFileReference; lastKnownFileType = sourcecode.swift; path = CustomCardCells.swift; sourceTree = "<group>"; };
		5D2AAFB02518464500F5CE82 /* Dashboard.storyboard */ = {isa = PBXFileReference; fileEncoding = 4; lastKnownFileType = file.storyboard; path = Dashboard.storyboard; sourceTree = "<group>"; };
		5D2AAFB4251854CE00F5CE82 /* InviteATesterVC.swift */ = {isa = PBXFileReference; lastKnownFileType = sourcecode.swift; path = InviteATesterVC.swift; sourceTree = "<group>"; };
		5D2AAFB825192EAE00F5CE82 /* LocalAuthentication.framework */ = {isa = PBXFileReference; lastKnownFileType = wrapper.framework; name = LocalAuthentication.framework; path = System/Library/Frameworks/LocalAuthentication.framework; sourceTree = SDKROOT; };
		5D348A5F25082AB700725820 /* Cards.storyboard */ = {isa = PBXFileReference; fileEncoding = 4; lastKnownFileType = file.storyboard; path = Cards.storyboard; sourceTree = "<group>"; };
		5D348A6225082CB200725820 /* CardsIntroVC.swift */ = {isa = PBXFileReference; lastKnownFileType = sourcecode.swift; path = CardsIntroVC.swift; sourceTree = "<group>"; };
		5D348A64250839E600725820 /* BaseSwipeVC.swift */ = {isa = PBXFileReference; lastKnownFileType = sourcecode.swift; path = BaseSwipeVC.swift; sourceTree = "<group>"; };
		5D3773DA25254D40004060F6 /* RatingVC.swift */ = {isa = PBXFileReference; lastKnownFileType = sourcecode.swift; path = RatingVC.swift; sourceTree = "<group>"; };
		5D3773E9252613D5004060F6 /* TextViewHelperVC.swift */ = {isa = PBXFileReference; lastKnownFileType = sourcecode.swift; path = TextViewHelperVC.swift; sourceTree = "<group>"; };
		5D3773ED25261925004060F6 /* Helper.storyboard */ = {isa = PBXFileReference; fileEncoding = 4; lastKnownFileType = file.storyboard; path = Helper.storyboard; sourceTree = "<group>"; };
		5D3773F125265375004060F6 /* CompleteAndSendCardVC.swift */ = {isa = PBXFileReference; lastKnownFileType = sourcecode.swift; path = CompleteAndSendCardVC.swift; sourceTree = "<group>"; };
		5D3A175E24B671F90070739D /* Talone.app */ = {isa = PBXFileReference; explicitFileType = wrapper.application; includeInIndex = 0; path = Talone.app; sourceTree = BUILT_PRODUCTS_DIR; };
		5D3A176124B671F90070739D /* AppDelegate.swift */ = {isa = PBXFileReference; lastKnownFileType = sourcecode.swift; path = AppDelegate.swift; sourceTree = "<group>"; };
		5D3A176324B671F90070739D /* SceneDelegate.swift */ = {isa = PBXFileReference; lastKnownFileType = sourcecode.swift; path = SceneDelegate.swift; sourceTree = "<group>"; };
		5D3A176624B671F90070739D /* TwoGT.xcdatamodel */ = {isa = PBXFileReference; lastKnownFileType = wrapper.xcdatamodel; path = TwoGT.xcdatamodel; sourceTree = "<group>"; };
		5D3A176824B671F90070739D /* ContentView.swift */ = {isa = PBXFileReference; lastKnownFileType = sourcecode.swift; path = ContentView.swift; sourceTree = "<group>"; };
		5D3A176A24B671FC0070739D /* Assets.xcassets */ = {isa = PBXFileReference; lastKnownFileType = folder.assetcatalog; path = Assets.xcassets; sourceTree = "<group>"; };
		5D3A176D24B671FC0070739D /* Preview Assets.xcassets */ = {isa = PBXFileReference; lastKnownFileType = folder.assetcatalog; path = "Preview Assets.xcassets"; sourceTree = "<group>"; };
		5D3A177024B671FC0070739D /* Base */ = {isa = PBXFileReference; lastKnownFileType = file.storyboard; name = Base; path = Base.lproj/LaunchScreen.storyboard; sourceTree = "<group>"; };
		5D3A177224B671FC0070739D /* Info.plist */ = {isa = PBXFileReference; lastKnownFileType = text.plist.xml; path = Info.plist; sourceTree = "<group>"; };
		5D3A177724B671FD0070739D /* TwoGTTests.xctest */ = {isa = PBXFileReference; explicitFileType = wrapper.cfbundle; includeInIndex = 0; path = TwoGTTests.xctest; sourceTree = BUILT_PRODUCTS_DIR; };
		5D3A177B24B671FD0070739D /* TwoGTTests.swift */ = {isa = PBXFileReference; lastKnownFileType = sourcecode.swift; path = TwoGTTests.swift; sourceTree = "<group>"; };
		5D3A177D24B671FD0070739D /* Info.plist */ = {isa = PBXFileReference; lastKnownFileType = text.plist.xml; path = Info.plist; sourceTree = "<group>"; };
		5D47FB96252AC475004472EE /* GateKeeper.swift */ = {isa = PBXFileReference; lastKnownFileType = sourcecode.swift; path = GateKeeper.swift; sourceTree = "<group>"; };
		5D4A81EF2509793300AFC5E5 /* NeedsSearchDisplayVC.swift */ = {isa = PBXFileReference; lastKnownFileType = sourcecode.swift; path = NeedsSearchDisplayVC.swift; sourceTree = "<group>"; };
		5D4A81F325097F2100AFC5E5 /* Notes.swift */ = {isa = PBXFileReference; lastKnownFileType = sourcecode.swift; path = Notes.swift; sourceTree = "<group>"; };
		5D4A81F6250A860200AFC5E5 /* ViewIndividualNeedVC.swift */ = {isa = PBXFileReference; lastKnownFileType = sourcecode.swift; path = ViewIndividualNeedVC.swift; sourceTree = "<group>"; };
		5D4A81F8250A959500AFC5E5 /* UIApplication+Extensions.swift */ = {isa = PBXFileReference; lastKnownFileType = sourcecode.swift; path = "UIApplication+Extensions.swift"; sourceTree = "<group>"; };
		5D4A81FB250A99BB00AFC5E5 /* FeedbackVC.swift */ = {isa = PBXFileReference; lastKnownFileType = sourcecode.swift; path = FeedbackVC.swift; sourceTree = "<group>"; };
		5D5948A4251C407C004D0BFB /* creativeCommons.json */ = {isa = PBXFileReference; lastKnownFileType = text.json; path = creativeCommons.json; sourceTree = "<group>"; };
		5D5948A7251CE6C8004D0BFB /* AddNeedToWatchVC.swift */ = {isa = PBXFileReference; lastKnownFileType = sourcecode.swift; path = AddNeedToWatchVC.swift; sourceTree = "<group>"; };
		5D5D943024E2AF690077F488 /* citiesAndStates.json */ = {isa = PBXFileReference; lastKnownFileType = text.json; path = citiesAndStates.json; sourceTree = "<group>"; xcLanguageSpecificationIdentifier = xcode.lang.json; };
		5D5D943224E2B11C0077F488 /* CityStateSearchVC.swift */ = {isa = PBXFileReference; lastKnownFileType = sourcecode.swift; path = CityStateSearchVC.swift; sourceTree = "<group>"; };
		5D5EDD8E2519639F00A61342 /* DashboardDeMinimusVC.swift */ = {isa = PBXFileReference; lastKnownFileType = sourcecode.swift; path = DashboardDeMinimusVC.swift; sourceTree = "<group>"; };
		5D602A52251CF458001B18F5 /* AddHaveToWatchVC.swift */ = {isa = PBXFileReference; lastKnownFileType = sourcecode.swift; path = AddHaveToWatchVC.swift; sourceTree = "<group>"; };
		5D602A56251D3EAC001B18F5 /* CreativeCommonsVC.swift */ = {isa = PBXFileReference; lastKnownFileType = sourcecode.swift; path = CreativeCommonsVC.swift; sourceTree = "<group>"; };
		5D61635124E063A500829AF2 /* NoHome.storyboard */ = {isa = PBXFileReference; lastKnownFileType = file.storyboard; path = NoHome.storyboard; sourceTree = "<group>"; };
		5D61635324E0678E00829AF2 /* ProfileCustomTab.swift */ = {isa = PBXFileReference; lastKnownFileType = sourcecode.swift; path = ProfileCustomTab.swift; sourceTree = "<group>"; };
		5D61635524E086E400829AF2 /* Customizer.swift */ = {isa = PBXFileReference; lastKnownFileType = sourcecode.swift; path = Customizer.swift; sourceTree = "<group>"; };
		5D61635824E08F8000829AF2 /* Enums.swift */ = {isa = PBXFileReference; lastKnownFileType = sourcecode.swift; path = Enums.swift; sourceTree = "<group>"; };
		5D61635A24E090CB00829AF2 /* MarketplaceMatchesVC.swift */ = {isa = PBXFileReference; lastKnownFileType = sourcecode.swift; path = MarketplaceMatchesVC.swift; sourceTree = "<group>"; };
		5D61635D24E090F400829AF2 /* MarketplaceSearchAndCreationVC.swift */ = {isa = PBXFileReference; lastKnownFileType = sourcecode.swift; path = MarketplaceSearchAndCreationVC.swift; sourceTree = "<group>"; };
		5D61635F24E0972D00829AF2 /* KeychainService.swift */ = {isa = PBXFileReference; lastKnownFileType = sourcecode.swift; path = KeychainService.swift; sourceTree = "<group>"; };
		5D6B2104250186B900745A69 /* UIViewController+Extensions.swift */ = {isa = PBXFileReference; lastKnownFileType = sourcecode.swift; path = "UIViewController+Extensions.swift"; sourceTree = "<group>"; };
		5D6B2105250186BA00745A69 /* UIView+Extensions.swift */ = {isa = PBXFileReference; lastKnownFileType = sourcecode.swift; path = "UIView+Extensions.swift"; sourceTree = "<group>"; };
		5D6B2106250186BA00745A69 /* Date+Extensions.swift */ = {isa = PBXFileReference; lastKnownFileType = sourcecode.swift; path = "Date+Extensions.swift"; sourceTree = "<group>"; };
		5D6B2107250186BA00745A69 /* UIColor+Hex.swift */ = {isa = PBXFileReference; lastKnownFileType = sourcecode.swift; path = "UIColor+Hex.swift"; sourceTree = "<group>"; };
		5D6B210D2507DA1D00745A69 /* Marketplace.storyboard */ = {isa = PBXFileReference; fileEncoding = 4; lastKnownFileType = file.storyboard; path = Marketplace.storyboard; sourceTree = "<group>"; };
		5D6B21102507E97700745A69 /* Events.storyboard */ = {isa = PBXFileReference; fileEncoding = 4; lastKnownFileType = file.storyboard; path = Events.storyboard; sourceTree = "<group>"; };
		5D76DF2A252B7ED7008822A4 /* ContactIntroVC.swift */ = {isa = PBXFileReference; lastKnownFileType = sourcecode.swift; path = ContactIntroVC.swift; sourceTree = "<group>"; };
		5D77247A25112FAB0031A9CA /* JSONSchemaSupport.swift */ = {isa = PBXFileReference; lastKnownFileType = sourcecode.swift; path = JSONSchemaSupport.swift; sourceTree = "<group>"; };
		5D77248425114DE10031A9CA /* PurposeCreationManager.swift */ = {isa = PBXFileReference; lastKnownFileType = sourcecode.swift; path = PurposeCreationManager.swift; sourceTree = "<group>"; };
		5D772486251194930031A9CA /* HavesSearchDisplayVC.swift */ = {isa = PBXFileReference; lastKnownFileType = sourcecode.swift; path = HavesSearchDisplayVC.swift; sourceTree = "<group>"; };
		5D7724882511E2F30031A9CA /* ViewIndividualHaveVC.swift */ = {isa = PBXFileReference; lastKnownFileType = sourcecode.swift; path = ViewIndividualHaveVC.swift; sourceTree = "<group>"; };
		5D8A05BB2508AAD600202F79 /* DashboardVC.swift */ = {isa = PBXFileReference; lastKnownFileType = sourcecode.swift; path = DashboardVC.swift; sourceTree = "<group>"; };
		5D8AF9412523DC3100B0B6FC /* CoreDataImageHelper.swift */ = {isa = PBXFileReference; lastKnownFileType = sourcecode.swift; path = CoreDataImageHelper.swift; sourceTree = "<group>"; };
		5D8AF9632524D36F00B0B6FC /* ViewMyTemplateVC.swift */ = {isa = PBXFileReference; lastKnownFileType = sourcecode.swift; path = ViewMyTemplateVC.swift; sourceTree = "<group>"; };
		5D8AF9B32525401300B0B6FC /* ViewContactVC.swift */ = {isa = PBXFileReference; lastKnownFileType = sourcecode.swift; path = ViewContactVC.swift; sourceTree = "<group>"; };
		5D937D06252BDCD700DC02D1 /* Community+CoreDataProperties.swift */ = {isa = PBXFileReference; fileEncoding = 4; lastKnownFileType = sourcecode.swift; path = "Community+CoreDataProperties.swift"; sourceTree = "<group>"; };
		5D937D07252BDCD700DC02D1 /* Contact+CoreDataProperties.swift */ = {isa = PBXFileReference; fileEncoding = 4; lastKnownFileType = sourcecode.swift; path = "Contact+CoreDataProperties.swift"; sourceTree = "<group>"; };
		5D937D08252BDCD700DC02D1 /* ContactRating+CoreDataClass.swift */ = {isa = PBXFileReference; fileEncoding = 4; lastKnownFileType = sourcecode.swift; path = "ContactRating+CoreDataClass.swift"; sourceTree = "<group>"; };
		5D937D09252BDCD700DC02D1 /* SocialMedia+CoreDataClass.swift */ = {isa = PBXFileReference; fileEncoding = 4; lastKnownFileType = sourcecode.swift; path = "SocialMedia+CoreDataClass.swift"; sourceTree = "<group>"; };
		5D937D0A252BDCD700DC02D1 /* SearchLocation+CoreDataProperties.swift */ = {isa = PBXFileReference; fileEncoding = 4; lastKnownFileType = sourcecode.swift; path = "SearchLocation+CoreDataProperties.swift"; sourceTree = "<group>"; };
		5D937D0B252BDCD700DC02D1 /* SearchLocation+CoreDataClass.swift */ = {isa = PBXFileReference; fileEncoding = 4; lastKnownFileType = sourcecode.swift; path = "SearchLocation+CoreDataClass.swift"; sourceTree = "<group>"; };
		5D937D0C252BDCD700DC02D1 /* AppLocationInfo+CoreDataClass.swift */ = {isa = PBXFileReference; fileEncoding = 4; lastKnownFileType = sourcecode.swift; path = "AppLocationInfo+CoreDataClass.swift"; sourceTree = "<group>"; };
		5D937D0D252BDCD700DC02D1 /* Community+CoreDataClass.swift */ = {isa = PBXFileReference; fileEncoding = 4; lastKnownFileType = sourcecode.swift; path = "Community+CoreDataClass.swift"; sourceTree = "<group>"; };
		5D937D0E252BDCD700DC02D1 /* CardTemplate+CoreDataProperties.swift */ = {isa = PBXFileReference; fileEncoding = 4; lastKnownFileType = sourcecode.swift; path = "CardTemplate+CoreDataProperties.swift"; sourceTree = "<group>"; };
		5D937D0F252BDCD700DC02D1 /* ImageInfo+CoreDataClass.swift */ = {isa = PBXFileReference; fileEncoding = 4; lastKnownFileType = sourcecode.swift; path = "ImageInfo+CoreDataClass.swift"; sourceTree = "<group>"; };
		5D937D10252BDCD700DC02D1 /* SocialMedia+CoreDataProperties.swift */ = {isa = PBXFileReference; fileEncoding = 4; lastKnownFileType = sourcecode.swift; path = "SocialMedia+CoreDataProperties.swift"; sourceTree = "<group>"; };
		5D937D11252BDCD700DC02D1 /* Have+CoreDataClass.swift */ = {isa = PBXFileReference; fileEncoding = 4; lastKnownFileType = sourcecode.swift; path = "Have+CoreDataClass.swift"; sourceTree = "<group>"; };
		5D937D12252BDCD700DC02D1 /* CardTemplateInstance+CoreDataClass.swift */ = {isa = PBXFileReference; fileEncoding = 4; lastKnownFileType = sourcecode.swift; path = "CardTemplateInstance+CoreDataClass.swift"; sourceTree = "<group>"; };
		5D937D13252BDCD700DC02D1 /* Item+CoreDataProperties.swift */ = {isa = PBXFileReference; fileEncoding = 4; lastKnownFileType = sourcecode.swift; path = "Item+CoreDataProperties.swift"; sourceTree = "<group>"; };
		5D937D14252BDCD700DC02D1 /* CardTemplate+CoreDataClass.swift */ = {isa = PBXFileReference; fileEncoding = 4; lastKnownFileType = sourcecode.swift; path = "CardTemplate+CoreDataClass.swift"; sourceTree = "<group>"; };
		5D937D15252BDCD700DC02D1 /* Email+CoreDataClass.swift */ = {isa = PBXFileReference; fileEncoding = 4; lastKnownFileType = sourcecode.swift; path = "Email+CoreDataClass.swift"; sourceTree = "<group>"; };
		5D937D16252BDCD700DC02D1 /* ImageInfo+CoreDataProperties.swift */ = {isa = PBXFileReference; fileEncoding = 4; lastKnownFileType = sourcecode.swift; path = "ImageInfo+CoreDataProperties.swift"; sourceTree = "<group>"; };
		5D937D17252BDCD700DC02D1 /* Address+CoreDataProperties.swift */ = {isa = PBXFileReference; fileEncoding = 4; lastKnownFileType = sourcecode.swift; path = "Address+CoreDataProperties.swift"; sourceTree = "<group>"; };
		5D937D18252BDCD700DC02D1 /* Email+CoreDataProperties.swift */ = {isa = PBXFileReference; fileEncoding = 4; lastKnownFileType = sourcecode.swift; path = "Email+CoreDataProperties.swift"; sourceTree = "<group>"; };
		5D937D19252BDCD700DC02D1 /* Address+CoreDataClass.swift */ = {isa = PBXFileReference; fileEncoding = 4; lastKnownFileType = sourcecode.swift; path = "Address+CoreDataClass.swift"; sourceTree = "<group>"; };
		5D937D1A252BDCD700DC02D1 /* Contact+CoreDataClass.swift */ = {isa = PBXFileReference; fileEncoding = 4; lastKnownFileType = sourcecode.swift; path = "Contact+CoreDataClass.swift"; sourceTree = "<group>"; };
		5D937D1B252BDCD700DC02D1 /* ContactRating+CoreDataProperties.swift */ = {isa = PBXFileReference; fileEncoding = 4; lastKnownFileType = sourcecode.swift; path = "ContactRating+CoreDataProperties.swift"; sourceTree = "<group>"; };
		5D937D1C252BDCD700DC02D1 /* User+CoreDataProperties.swift */ = {isa = PBXFileReference; fileEncoding = 4; lastKnownFileType = sourcecode.swift; path = "User+CoreDataProperties.swift"; sourceTree = "<group>"; };
		5D937D1D252BDCD700DC02D1 /* Item+CoreDataClass.swift */ = {isa = PBXFileReference; fileEncoding = 4; lastKnownFileType = sourcecode.swift; path = "Item+CoreDataClass.swift"; sourceTree = "<group>"; };
		5D937D1E252BDCD700DC02D1 /* CardTemplateInstance+CoreDataProperties.swift */ = {isa = PBXFileReference; fileEncoding = 4; lastKnownFileType = sourcecode.swift; path = "CardTemplateInstance+CoreDataProperties.swift"; sourceTree = "<group>"; };
		5D937D1F252BDCD700DC02D1 /* User+CoreDataClass.swift */ = {isa = PBXFileReference; fileEncoding = 4; lastKnownFileType = sourcecode.swift; path = "User+CoreDataClass.swift"; sourceTree = "<group>"; };
		5D937D20252BDCD700DC02D1 /* Need+CoreDataClass.swift */ = {isa = PBXFileReference; fileEncoding = 4; lastKnownFileType = sourcecode.swift; path = "Need+CoreDataClass.swift"; sourceTree = "<group>"; };
		5D937D21252BDCD700DC02D1 /* AppLocationInfo+CoreDataProperties.swift */ = {isa = PBXFileReference; fileEncoding = 4; lastKnownFileType = sourcecode.swift; path = "AppLocationInfo+CoreDataProperties.swift"; sourceTree = "<group>"; };
		5D937D22252BDCD700DC02D1 /* PhoneNumber+CoreDataProperties.swift */ = {isa = PBXFileReference; fileEncoding = 4; lastKnownFileType = sourcecode.swift; path = "PhoneNumber+CoreDataProperties.swift"; sourceTree = "<group>"; };
		5D937D23252BDCD700DC02D1 /* PhoneNumber+CoreDataClass.swift */ = {isa = PBXFileReference; fileEncoding = 4; lastKnownFileType = sourcecode.swift; path = "PhoneNumber+CoreDataClass.swift"; sourceTree = "<group>"; };
		5D937D24252BDCD700DC02D1 /* Need+CoreDataProperties.swift */ = {isa = PBXFileReference; fileEncoding = 4; lastKnownFileType = sourcecode.swift; path = "Need+CoreDataProperties.swift"; sourceTree = "<group>"; };
		5D937D25252BDCD700DC02D1 /* Have+CoreDataProperties.swift */ = {isa = PBXFileReference; fileEncoding = 4; lastKnownFileType = sourcecode.swift; path = "Have+CoreDataProperties.swift"; sourceTree = "<group>"; };
		5DA077872512AFF1000E46D9 /* EventsSearchAndCreationVC.swift */ = {isa = PBXFileReference; lastKnownFileType = sourcecode.swift; path = EventsSearchAndCreationVC.swift; sourceTree = "<group>"; };
		5DBB81A7251AB65D00614B70 /* MarketplaceModel.swift */ = {isa = PBXFileReference; lastKnownFileType = sourcecode.swift; path = MarketplaceModel.swift; sourceTree = "<group>"; };
		5DBDA5C925158E32001A80A5 /* MyNeedsSearchDisplayVC.swift */ = {isa = PBXFileReference; lastKnownFileType = sourcecode.swift; path = MyNeedsSearchDisplayVC.swift; sourceTree = "<group>"; };
		5DBDA5CE25158E58001A80A5 /* MyHavesSearchDisplayVC.swift */ = {isa = PBXFileReference; lastKnownFileType = sourcecode.swift; path = MyHavesSearchDisplayVC.swift; sourceTree = "<group>"; };
		5DBDA60E25160C0C001A80A5 /* AsyncImage.swift */ = {isa = PBXFileReference; fileEncoding = 4; lastKnownFileType = sourcecode.swift; path = AsyncImage.swift; sourceTree = "<group>"; };
		5DBDA60F25160C0C001A80A5 /* ImageLoader.swift */ = {isa = PBXFileReference; fileEncoding = 4; lastKnownFileType = sourcecode.swift; path = ImageLoader.swift; sourceTree = "<group>"; };
		5DBDA61025160C0C001A80A5 /* EnvironmentValues+ImageCache.swift */ = {isa = PBXFileReference; fileEncoding = 4; lastKnownFileType = sourcecode.swift; path = "EnvironmentValues+ImageCache.swift"; sourceTree = "<group>"; };
		5DBDA61125160C0C001A80A5 /* ImageCache.swift */ = {isa = PBXFileReference; fileEncoding = 4; lastKnownFileType = sourcecode.swift; path = ImageCache.swift; sourceTree = "<group>"; };
		5DBE439524C62A5A002C6515 /* LogInVC.swift */ = {isa = PBXFileReference; lastKnownFileType = sourcecode.swift; path = LogInVC.swift; sourceTree = "<group>"; };
		5DBE439724C64219002C6515 /* YouVC.swift */ = {isa = PBXFileReference; lastKnownFileType = sourcecode.swift; path = YouVC.swift; sourceTree = "<group>"; };
		5DC434C6251E5B310036BEF8 /* AddNewAddressVC.swift */ = {isa = PBXFileReference; lastKnownFileType = sourcecode.swift; path = AddNewAddressVC.swift; sourceTree = "<group>"; };
		5DC434D2251EF56A0036BEF8 /* AddNewEmailVC.swift */ = {isa = PBXFileReference; lastKnownFileType = sourcecode.swift; path = AddNewEmailVC.swift; sourceTree = "<group>"; };
		5DC434D6251EF5800036BEF8 /* AddNewPhoneNumberVC.swift */ = {isa = PBXFileReference; lastKnownFileType = sourcecode.swift; path = AddNewPhoneNumberVC.swift; sourceTree = "<group>"; };
		5DC434DA251FA25D0036BEF8 /* CardTemplatesVC.swift */ = {isa = PBXFileReference; lastKnownFileType = sourcecode.swift; path = CardTemplatesVC.swift; sourceTree = "<group>"; };
		5DC434DE251FA2C20036BEF8 /* AllReceivedCardsVC.swift */ = {isa = PBXFileReference; lastKnownFileType = sourcecode.swift; path = AllReceivedCardsVC.swift; sourceTree = "<group>"; };
		5DC434E3251FD3AA0036BEF8 /* ClassesForCustomizer.swift */ = {isa = PBXFileReference; lastKnownFileType = sourcecode.swift; path = ClassesForCustomizer.swift; sourceTree = "<group>"; };
		5DC87A1F25161778004BCB3E /* MyCardInitialView.swift */ = {isa = PBXFileReference; lastKnownFileType = sourcecode.swift; path = MyCardInitialView.swift; sourceTree = "<group>"; };
		5DD8F4EE25165E75004A4528 /* ViewMyNeedVC.swift */ = {isa = PBXFileReference; lastKnownFileType = sourcecode.swift; path = ViewMyNeedVC.swift; sourceTree = "<group>"; };
		5DD8F4F225165E8C004A4528 /* ViewMyHaveVC.swift */ = {isa = PBXFileReference; lastKnownFileType = sourcecode.swift; path = ViewMyHaveVC.swift; sourceTree = "<group>"; };
		5DF3C6C8250AFBBF00F8D510 /* String+Extensions.swift */ = {isa = PBXFileReference; lastKnownFileType = sourcecode.swift; path = "String+Extensions.swift"; sourceTree = "<group>"; };
		5DF3C6CB250BD86000F8D510 /* EntryFlowVCCollection.swift */ = {isa = PBXFileReference; lastKnownFileType = sourcecode.swift; path = EntryFlowVCCollection.swift; sourceTree = "<group>"; };
		5DF3C6CD250BED8200F8D510 /* contributors.json */ = {isa = PBXFileReference; lastKnownFileType = text.json; path = contributors.json; sourceTree = "<group>"; };
		5DF3C6CF250BF04700F8D510 /* ContributorsVC.swift */ = {isa = PBXFileReference; lastKnownFileType = sourcecode.swift; path = ContributorsVC.swift; sourceTree = "<group>"; };
		5DF880A92520556200E34F2F /* SpinnerVC.swift */ = {isa = PBXFileReference; lastKnownFileType = sourcecode.swift; path = SpinnerVC.swift; sourceTree = "<group>"; };
		5DF880AD2520FEA600E34F2F /* CardTemplateCreatorVC.swift */ = {isa = PBXFileReference; lastKnownFileType = sourcecode.swift; path = CardTemplateCreatorVC.swift; sourceTree = "<group>"; };
		5DFF42D02513E6F2007F8CE4 /* Saves.swift */ = {isa = PBXFileReference; fileEncoding = 4; lastKnownFileType = sourcecode.swift; path = Saves.swift; sourceTree = "<group>"; };
		6D10D5542527A32700694EDF /* UserHandles.swift */ = {isa = PBXFileReference; lastKnownFileType = sourcecode.swift; path = UserHandles.swift; sourceTree = "<group>"; };
		6D12F8D62517141A000221E9 /* CoreDataObjectExtensions.swift */ = {isa = PBXFileReference; fileEncoding = 4; lastKnownFileType = sourcecode.swift; path = CoreDataObjectExtensions.swift; sourceTree = "<group>"; };
		6D4E00F92506E33D004BD000 /* GoogleService-Info.plist */ = {isa = PBXFileReference; fileEncoding = 4; lastKnownFileType = text.plist.xml; path = "GoogleService-Info.plist"; sourceTree = "<group>"; };
		6D4E00FB2506E7D1004BD000 /* NewsFeedFetcher.swift */ = {isa = PBXFileReference; lastKnownFileType = sourcecode.swift; path = NewsFeedFetcher.swift; sourceTree = "<group>"; };
		6D4E00FD25070222004BD000 /* NeedWriter.swift */ = {isa = PBXFileReference; lastKnownFileType = sourcecode.swift; path = NeedWriter.swift; sourceTree = "<group>"; };
		6D4E00FF2507247A004BD000 /* NeedFetcher.swift */ = {isa = PBXFileReference; lastKnownFileType = sourcecode.swift; path = NeedFetcher.swift; sourceTree = "<group>"; };
		6D4E010125086514004BD000 /* HaveWriter.swift */ = {isa = PBXFileReference; lastKnownFileType = sourcecode.swift; path = HaveWriter.swift; sourceTree = "<group>"; };
		6D4E01032508679C004BD000 /* HaveFetcher.swift */ = {isa = PBXFileReference; lastKnownFileType = sourcecode.swift; path = HaveFetcher.swift; sourceTree = "<group>"; };
		6D6254212524FAE500E47E06 /* CardFetcher.swift */ = {isa = PBXFileReference; lastKnownFileType = sourcecode.swift; path = CardFetcher.swift; sourceTree = "<group>"; };
		6D6254252524FEAE00E47E06 /* CardWriter.swift */ = {isa = PBXFileReference; lastKnownFileType = sourcecode.swift; path = CardWriter.swift; sourceTree = "<group>"; };
		6D62543125253C5800E47E06 /* CardReceiverObserver.swift */ = {isa = PBXFileReference; lastKnownFileType = sourcecode.swift; path = CardReceiverObserver.swift; sourceTree = "<group>"; };
		6D8BB103250D7BD4009BBA18 /* Talone.entitlements */ = {isa = PBXFileReference; lastKnownFileType = text.plist.entitlements; path = Talone.entitlements; sourceTree = "<group>"; };
		750251F2B01BDC3A7F768084 /* Pods-TwoGTTests.release.xcconfig */ = {isa = PBXFileReference; includeInIndex = 1; lastKnownFileType = text.xcconfig; name = "Pods-TwoGTTests.release.xcconfig"; path = "Target Support Files/Pods-TwoGTTests/Pods-TwoGTTests.release.xcconfig"; sourceTree = "<group>"; };
		842575F5449A3602CFF28CF6 /* Pods-TwoGT.debug.xcconfig */ = {isa = PBXFileReference; includeInIndex = 1; lastKnownFileType = text.xcconfig; name = "Pods-TwoGT.debug.xcconfig"; path = "Target Support Files/Pods-TwoGT/Pods-TwoGT.debug.xcconfig"; sourceTree = "<group>"; };
		AF6D98D12DEA1C9798A44A6C /* Pods_TwoGT.framework */ = {isa = PBXFileReference; explicitFileType = wrapper.framework; includeInIndex = 0; path = Pods_TwoGT.framework; sourceTree = BUILT_PRODUCTS_DIR; };
		CE6420A4923A243C29C1A436 /* Pods-TwoGT.release.xcconfig */ = {isa = PBXFileReference; includeInIndex = 1; lastKnownFileType = text.xcconfig; name = "Pods-TwoGT.release.xcconfig"; path = "Target Support Files/Pods-TwoGT/Pods-TwoGT.release.xcconfig"; sourceTree = "<group>"; };
/* End PBXFileReference section */

/* Begin PBXFrameworksBuildPhase section */
		5D3A175B24B671F90070739D /* Frameworks */ = {
			isa = PBXFrameworksBuildPhase;
			buildActionMask = 2147483647;
			files = (
				5D2AAFB925192EAF00F5CE82 /* LocalAuthentication.framework in Frameworks */,
				C7F7238BDE5867476C942941 /* Pods_TwoGT.framework in Frameworks */,
			);
			runOnlyForDeploymentPostprocessing = 0;
		};
		5D3A177424B671FD0070739D /* Frameworks */ = {
			isa = PBXFrameworksBuildPhase;
			buildActionMask = 2147483647;
			files = (
				144623A51BA4A8D3715D08C2 /* Pods_TwoGTTests.framework in Frameworks */,
			);
			runOnlyForDeploymentPostprocessing = 0;
		};
/* End PBXFrameworksBuildPhase section */

/* Begin PBXGroup section */
		5D348A6125082C6100725820 /* Cards */ = {
			isa = PBXGroup;
			children = (
				5D0A268125226A2B00FEBE62 /* CardTemplateModel.swift */,
				5D0A268025226A2A00FEBE62 /* CardTemplateModel+Dragging.swift */,
				5D348A6225082CB200725820 /* CardsIntroVC.swift */,
				5DBE439724C64219002C6515 /* YouVC.swift */,
				5DC434C6251E5B310036BEF8 /* AddNewAddressVC.swift */,
				5DC434D2251EF56A0036BEF8 /* AddNewEmailVC.swift */,
				5DC434D6251EF5800036BEF8 /* AddNewPhoneNumberVC.swift */,
				5DC434DA251FA25D0036BEF8 /* CardTemplatesVC.swift */,
				5DC434DE251FA2C20036BEF8 /* AllReceivedCardsVC.swift */,
				5DF880AD2520FEA600E34F2F /* CardTemplateCreatorVC.swift */,
				5D0A268A252291C000FEBE62 /* CustomCardCells.swift */,
				5D8AF9632524D36F00B0B6FC /* ViewMyTemplateVC.swift */,
				5D8AF9B32525401300B0B6FC /* ViewContactVC.swift */,
				5D3773DA25254D40004060F6 /* RatingVC.swift */,
				5D3773F125265375004060F6 /* CompleteAndSendCardVC.swift */,
				5D76DF2A252B7ED7008822A4 /* ContactIntroVC.swift */,
			);
			path = Cards;
			sourceTree = "<group>";
		};
		5D3773E4252579C0004060F6 /* Core Data Class Extensions */ = {
			isa = PBXGroup;
			children = (
				6D12F8D62517141A000221E9 /* CoreDataObjectExtensions.swift */,
				5D47FB96252AC475004472EE /* GateKeeper.swift */,
			);
			path = "Core Data Class Extensions";
			sourceTree = "<group>";
		};
		5D3A175524B671F90070739D = {
			isa = PBXGroup;
			children = (
				5D4A81F325097F2100AFC5E5 /* Notes.swift */,
				5D3A176024B671F90070739D /* TwoGT */,
				5D3A177A24B671FD0070739D /* TwoGTTests */,
				5D3A175F24B671F90070739D /* Products */,
				66D3A4F0B6501C7546B32906 /* Pods */,
				6D594678179D535FE73D75FE /* Frameworks */,
			);
			sourceTree = "<group>";
		};
		5D3A175F24B671F90070739D /* Products */ = {
			isa = PBXGroup;
			children = (
				5D3A175E24B671F90070739D /* Talone.app */,
				5D3A177724B671FD0070739D /* TwoGTTests.xctest */,
			);
			name = Products;
			sourceTree = "<group>";
		};
		5D3A176024B671F90070739D /* TwoGT */ = {
			isa = PBXGroup;
			children = (
				5DC434E2251FD3860036BEF8 /* CustomizedViews */,
				5DD8F4FF2516757A004A4528 /* Future */,
				5D4A81FA250A998200AFC5E5 /* Top Level */,
				5DD8F4F625167548004A4528 /* Main Tabs */,
				6D8BB103250D7BD4009BBA18 /* Talone.entitlements */,
				5DD97AEA24E8421B00059F29 /* Data Structures */,
				5DF3C6CA250BD83000F8D510 /* First Time Flow */,
				5D6B210C25018C5E00745A69 /* Utilities */,
				5D4A81F5250A643300AFC5E5 /* SwiftUI */,
				5D3A176A24B671FC0070739D /* Assets.xcassets */,
				5D3A176F24B671FC0070739D /* LaunchScreen.storyboard */,
				5D3A177224B671FC0070739D /* Info.plist */,
				5D3A176524B671F90070739D /* TwoGT.xcdatamodeld */,
				5D61636124E098F800829AF2 /* Services */,
				5D61635724E0896900829AF2 /* User Profile */,
				5D3A176C24B671FC0070739D /* Preview Content */,
				6D4E00F92506E33D004BD000 /* GoogleService-Info.plist */,
			);
			path = TwoGT;
			sourceTree = "<group>";
		};
		5D3A176C24B671FC0070739D /* Preview Content */ = {
			isa = PBXGroup;
			children = (
				5D3A176D24B671FC0070739D /* Preview Assets.xcassets */,
			);
			path = "Preview Content";
			sourceTree = "<group>";
		};
		5D3A177A24B671FD0070739D /* TwoGTTests */ = {
			isa = PBXGroup;
			children = (
				5D3A177B24B671FD0070739D /* TwoGTTests.swift */,
				5D3A177D24B671FD0070739D /* Info.plist */,
			);
			path = TwoGTTests;
			sourceTree = "<group>";
		};
		5D4A81F5250A643300AFC5E5 /* SwiftUI */ = {
			isa = PBXGroup;
			children = (
				5D3A176324B671F90070739D /* SceneDelegate.swift */,
				5D3A176824B671F90070739D /* ContentView.swift */,
				5DC87A1F25161778004BCB3E /* MyCardInitialView.swift */,
			);
			path = SwiftUI;
			sourceTree = "<group>";
		};
		5D4A81FA250A998200AFC5E5 /* Top Level */ = {
			isa = PBXGroup;
			children = (
				5D61635124E063A500829AF2 /* NoHome.storyboard */,
				5D3773ED25261925004060F6 /* Helper.storyboard */,
				5D2AAFB02518464500F5CE82 /* Dashboard.storyboard */,
				5D3A176124B671F90070739D /* AppDelegate.swift */,
				5D348A64250839E600725820 /* BaseSwipeVC.swift */,
				5D8A05BB2508AAD600202F79 /* DashboardVC.swift */,
				5D4A81FB250A99BB00AFC5E5 /* FeedbackVC.swift */,
				5DF3C6CF250BF04700F8D510 /* ContributorsVC.swift */,
				5D77248425114DE10031A9CA /* PurposeCreationManager.swift */,
				5D2AAFB4251854CE00F5CE82 /* InviteATesterVC.swift */,
				5D5EDD8E2519639F00A61342 /* DashboardDeMinimusVC.swift */,
				5D602A56251D3EAC001B18F5 /* CreativeCommonsVC.swift */,
				5DF880A92520556200E34F2F /* SpinnerVC.swift */,
				5D3773E9252613D5004060F6 /* TextViewHelperVC.swift */,
			);
			path = "Top Level";
			sourceTree = "<group>";
		};
		5D5D942F24E2AF490077F488 /* JSON */ = {
			isa = PBXGroup;
			children = (
				5D5D943024E2AF690077F488 /* citiesAndStates.json */,
				5D5948A4251C407C004D0BFB /* creativeCommons.json */,
				5DF3C6CD250BED8200F8D510 /* contributors.json */,
			);
			path = JSON;
			sourceTree = "<group>";
		};
		5D61635724E0896900829AF2 /* User Profile */ = {
			isa = PBXGroup;
			children = (
				5D61635324E0678E00829AF2 /* ProfileCustomTab.swift */,
			);
			path = "User Profile";
			sourceTree = "<group>";
		};
		5D61635C24E090D500829AF2 /* Marketplace */ = {
			isa = PBXGroup;
			children = (
				5D61635A24E090CB00829AF2 /* MarketplaceMatchesVC.swift */,
				5D61635D24E090F400829AF2 /* MarketplaceSearchAndCreationVC.swift */,
				5D4A81EF2509793300AFC5E5 /* NeedsSearchDisplayVC.swift */,
				5D5D943224E2B11C0077F488 /* CityStateSearchVC.swift */,
				5D4A81F6250A860200AFC5E5 /* ViewIndividualNeedVC.swift */,
				5D772486251194930031A9CA /* HavesSearchDisplayVC.swift */,
				5D7724882511E2F30031A9CA /* ViewIndividualHaveVC.swift */,
				5DBB81A7251AB65D00614B70 /* MarketplaceModel.swift */,
				5D5948A7251CE6C8004D0BFB /* AddNeedToWatchVC.swift */,
				5D602A52251CF458001B18F5 /* AddHaveToWatchVC.swift */,
			);
			path = Marketplace;
			sourceTree = "<group>";
		};
		5D61636124E098F800829AF2 /* Services */ = {
			isa = PBXGroup;
			children = (
				5D5D942F24E2AF490077F488 /* JSON */,
				5D61635F24E0972D00829AF2 /* KeychainService.swift */,
				6D4E00FB2506E7D1004BD000 /* NewsFeedFetcher.swift */,
				6D4E00FD25070222004BD000 /* NeedWriter.swift */,
				6D4E00FF2507247A004BD000 /* NeedFetcher.swift */,
				6D4E010125086514004BD000 /* HaveWriter.swift */,
				6D6254212524FAE500E47E06 /* CardFetcher.swift */,
				6D6254252524FEAE00E47E06 /* CardWriter.swift */,
				6D4E01032508679C004BD000 /* HaveFetcher.swift */,
				6D10D5542527A32700694EDF /* UserHandles.swift */,
			);
			path = Services;
			sourceTree = "<group>";
		};
		5D6B210C25018C5E00745A69 /* Utilities */ = {
			isa = PBXGroup;
			children = (
				5DBDA60D25160BF8001A80A5 /* ASyncImage */,
				5D6B2106250186BA00745A69 /* Date+Extensions.swift */,
				5D067E5A252837F200E8546C /* UIImage+Additions.swift */,
				5D6B2107250186BA00745A69 /* UIColor+Hex.swift */,
				5D6B2105250186BA00745A69 /* UIView+Extensions.swift */,
				5D6B2104250186B900745A69 /* UIViewController+Extensions.swift */,
				5D61635524E086E400829AF2 /* Customizer.swift */,
				5D61635824E08F8000829AF2 /* Enums.swift */,
				5D4A81F8250A959500AFC5E5 /* UIApplication+Extensions.swift */,
				5DF3C6C8250AFBBF00F8D510 /* String+Extensions.swift */,
				5D8AF9412523DC3100B0B6FC /* CoreDataImageHelper.swift */,
				6D62543125253C5800E47E06 /* CardReceiverObserver.swift */,
			);
			path = Utilities;
			sourceTree = "<group>";
		};
		5D6B210F2507E4B800745A69 /* Storyboards */ = {
			isa = PBXGroup;
			children = (
				5D348A5F25082AB700725820 /* Cards.storyboard */,
				5D6B210D2507DA1D00745A69 /* Marketplace.storyboard */,
			);
			path = Storyboards;
			sourceTree = "<group>";
		};
		5D937D05252BDCD700DC02D1 /* Core Data */ = {
			isa = PBXGroup;
			children = (
				5D937D06252BDCD700DC02D1 /* Community+CoreDataProperties.swift */,
				5D937D07252BDCD700DC02D1 /* Contact+CoreDataProperties.swift */,
				5D937D08252BDCD700DC02D1 /* ContactRating+CoreDataClass.swift */,
				5D937D09252BDCD700DC02D1 /* SocialMedia+CoreDataClass.swift */,
				5D937D0A252BDCD700DC02D1 /* SearchLocation+CoreDataProperties.swift */,
				5D937D0B252BDCD700DC02D1 /* SearchLocation+CoreDataClass.swift */,
				5D937D0C252BDCD700DC02D1 /* AppLocationInfo+CoreDataClass.swift */,
				5D937D0D252BDCD700DC02D1 /* Community+CoreDataClass.swift */,
				5D937D0E252BDCD700DC02D1 /* CardTemplate+CoreDataProperties.swift */,
				5D937D0F252BDCD700DC02D1 /* ImageInfo+CoreDataClass.swift */,
				5D937D10252BDCD700DC02D1 /* SocialMedia+CoreDataProperties.swift */,
				5D937D11252BDCD700DC02D1 /* Have+CoreDataClass.swift */,
				5D937D12252BDCD700DC02D1 /* CardTemplateInstance+CoreDataClass.swift */,
				5D937D13252BDCD700DC02D1 /* Item+CoreDataProperties.swift */,
				5D937D14252BDCD700DC02D1 /* CardTemplate+CoreDataClass.swift */,
				5D937D15252BDCD700DC02D1 /* Email+CoreDataClass.swift */,
				5D937D16252BDCD700DC02D1 /* ImageInfo+CoreDataProperties.swift */,
				5D937D17252BDCD700DC02D1 /* Address+CoreDataProperties.swift */,
				5D937D18252BDCD700DC02D1 /* Email+CoreDataProperties.swift */,
				5D937D19252BDCD700DC02D1 /* Address+CoreDataClass.swift */,
				5D937D1A252BDCD700DC02D1 /* Contact+CoreDataClass.swift */,
				5D937D1B252BDCD700DC02D1 /* ContactRating+CoreDataProperties.swift */,
				5D937D1C252BDCD700DC02D1 /* User+CoreDataProperties.swift */,
				5D937D1D252BDCD700DC02D1 /* Item+CoreDataClass.swift */,
				5D937D1E252BDCD700DC02D1 /* CardTemplateInstance+CoreDataProperties.swift */,
				5D937D1F252BDCD700DC02D1 /* User+CoreDataClass.swift */,
				5D937D20252BDCD700DC02D1 /* Need+CoreDataClass.swift */,
				5D937D21252BDCD700DC02D1 /* AppLocationInfo+CoreDataProperties.swift */,
				5D937D22252BDCD700DC02D1 /* PhoneNumber+CoreDataProperties.swift */,
				5D937D23252BDCD700DC02D1 /* PhoneNumber+CoreDataClass.swift */,
				5D937D24252BDCD700DC02D1 /* Need+CoreDataProperties.swift */,
				5D937D25252BDCD700DC02D1 /* Have+CoreDataProperties.swift */,
			);
			path = "Core Data";
			sourceTree = "<group>";
		};
		5DA077862512AFA4000E46D9 /* Events */ = {
			isa = PBXGroup;
			children = (
				5D6B21102507E97700745A69 /* Events.storyboard */,
				5DA077872512AFF1000E46D9 /* EventsSearchAndCreationVC.swift */,
			);
			path = Events;
			sourceTree = "<group>";
		};
		5DBDA5C825158E0C001A80A5 /* My Needs */ = {
			isa = PBXGroup;
			children = (
				5DBDA5C925158E32001A80A5 /* MyNeedsSearchDisplayVC.swift */,
				5DD8F4EE25165E75004A4528 /* ViewMyNeedVC.swift */,
			);
			path = "My Needs";
			sourceTree = "<group>";
		};
		5DBDA5CD25158E37001A80A5 /* My Haves */ = {
			isa = PBXGroup;
			children = (
				5DBDA5CE25158E58001A80A5 /* MyHavesSearchDisplayVC.swift */,
				5DD8F4F225165E8C004A4528 /* ViewMyHaveVC.swift */,
			);
			path = "My Haves";
			sourceTree = "<group>";
		};
		5DBDA60D25160BF8001A80A5 /* ASyncImage */ = {
			isa = PBXGroup;
			children = (
				5DBDA60E25160C0C001A80A5 /* AsyncImage.swift */,
				5DBDA61025160C0C001A80A5 /* EnvironmentValues+ImageCache.swift */,
				5DBDA61125160C0C001A80A5 /* ImageCache.swift */,
				5DBDA60F25160C0C001A80A5 /* ImageLoader.swift */,
			);
			path = ASyncImage;
			sourceTree = "<group>";
		};
		5DC434E2251FD3860036BEF8 /* CustomizedViews */ = {
			isa = PBXGroup;
			children = (
				5DC434E3251FD3AA0036BEF8 /* ClassesForCustomizer.swift */,
			);
			path = CustomizedViews;
			sourceTree = "<group>";
		};
		5DD8F4F625167548004A4528 /* Main Tabs */ = {
			isa = PBXGroup;
			children = (
				5D6B210F2507E4B800745A69 /* Storyboards */,
				5D348A6125082C6100725820 /* Cards */,
				5DBDA5CD25158E37001A80A5 /* My Haves */,
				5DBDA5C825158E0C001A80A5 /* My Needs */,
				5D61635C24E090D500829AF2 /* Marketplace */,
			);
			path = "Main Tabs";
			sourceTree = "<group>";
		};
		5DD8F4FF2516757A004A4528 /* Future */ = {
			isa = PBXGroup;
			children = (
				5DA077862512AFA4000E46D9 /* Events */,
			);
			path = Future;
			sourceTree = "<group>";
		};
		5DD97AEA24E8421B00059F29 /* Data Structures */ = {
			isa = PBXGroup;
			children = (
				5D937D05252BDCD700DC02D1 /* Core Data */,
				5D3773E4252579C0004060F6 /* Core Data Class Extensions */,
				5D77247A25112FAB0031A9CA /* JSONSchemaSupport.swift */,
				5DFF42D02513E6F2007F8CE4 /* Saves.swift */,
			);
			path = "Data Structures";
			sourceTree = "<group>";
		};
		5DF3C6CA250BD83000F8D510 /* First Time Flow */ = {
			isa = PBXGroup;
			children = (
				5DBE439524C62A5A002C6515 /* LogInVC.swift */,
				5DF3C6CB250BD86000F8D510 /* EntryFlowVCCollection.swift */,
			);
			path = "First Time Flow";
			sourceTree = "<group>";
		};
		66D3A4F0B6501C7546B32906 /* Pods */ = {
			isa = PBXGroup;
			children = (
				842575F5449A3602CFF28CF6 /* Pods-TwoGT.debug.xcconfig */,
				CE6420A4923A243C29C1A436 /* Pods-TwoGT.release.xcconfig */,
				3C4DAA0228444D1B5B063AB2 /* Pods-TwoGTTests.debug.xcconfig */,
				750251F2B01BDC3A7F768084 /* Pods-TwoGTTests.release.xcconfig */,
			);
			path = Pods;
			sourceTree = "<group>";
		};
		6D594678179D535FE73D75FE /* Frameworks */ = {
			isa = PBXGroup;
			children = (
				5D2AAFB825192EAE00F5CE82 /* LocalAuthentication.framework */,
				AF6D98D12DEA1C9798A44A6C /* Pods_TwoGT.framework */,
				178FF39C7FDC51619F211D0B /* Pods_TwoGTTests.framework */,
			);
			name = Frameworks;
			sourceTree = "<group>";
		};
/* End PBXGroup section */

/* Begin PBXNativeTarget section */
		5D3A175D24B671F90070739D /* TwoGT */ = {
			isa = PBXNativeTarget;
			buildConfigurationList = 5D3A178024B671FD0070739D /* Build configuration list for PBXNativeTarget "TwoGT" */;
			buildPhases = (
				C0910931D539C264FD7105FF /* [CP] Check Pods Manifest.lock */,
				5D3A175A24B671F90070739D /* Sources */,
				5D3A175B24B671F90070739D /* Frameworks */,
				5D3A175C24B671F90070739D /* Resources */,
				A3EFF85A19D318E89EF5BE61 /* [CP] Embed Pods Frameworks */,
			);
			buildRules = (
			);
			dependencies = (
			);
			name = TwoGT;
			productName = TwoGT;
			productReference = 5D3A175E24B671F90070739D /* Talone.app */;
			productType = "com.apple.product-type.application";
		};
		5D3A177624B671FD0070739D /* TwoGTTests */ = {
			isa = PBXNativeTarget;
			buildConfigurationList = 5D3A178324B671FD0070739D /* Build configuration list for PBXNativeTarget "TwoGTTests" */;
			buildPhases = (
				A4C5B35A929BF11D66D96FED /* [CP] Check Pods Manifest.lock */,
				5D3A177324B671FD0070739D /* Sources */,
				5D3A177424B671FD0070739D /* Frameworks */,
				5D3A177524B671FD0070739D /* Resources */,
			);
			buildRules = (
			);
			dependencies = (
				5D3A177924B671FD0070739D /* PBXTargetDependency */,
			);
			name = TwoGTTests;
			productName = TwoGTTests;
			productReference = 5D3A177724B671FD0070739D /* TwoGTTests.xctest */;
			productType = "com.apple.product-type.bundle.unit-test";
		};
/* End PBXNativeTarget section */

/* Begin PBXProject section */
		5D3A175624B671F90070739D /* Project object */ = {
			isa = PBXProject;
			attributes = {
				LastSwiftUpdateCheck = 1150;
				LastUpgradeCheck = 1150;
				ORGANIZATIONNAME = "Arthur Mayes";
				TargetAttributes = {
					5D3A175D24B671F90070739D = {
						CreatedOnToolsVersion = 11.5;
					};
					5D3A177624B671FD0070739D = {
						CreatedOnToolsVersion = 11.5;
						TestTargetID = 5D3A175D24B671F90070739D;
					};
				};
			};
			buildConfigurationList = 5D3A175924B671F90070739D /* Build configuration list for PBXProject "TwoGT" */;
			compatibilityVersion = "Xcode 9.3";
			developmentRegion = en;
			hasScannedForEncodings = 0;
			knownRegions = (
				en,
				Base,
			);
			mainGroup = 5D3A175524B671F90070739D;
			productRefGroup = 5D3A175F24B671F90070739D /* Products */;
			projectDirPath = "";
			projectRoot = "";
			targets = (
				5D3A175D24B671F90070739D /* TwoGT */,
				5D3A177624B671FD0070739D /* TwoGTTests */,
			);
		};
/* End PBXProject section */

/* Begin PBXResourcesBuildPhase section */
		5D3A175C24B671F90070739D /* Resources */ = {
			isa = PBXResourcesBuildPhase;
			buildActionMask = 2147483647;
			files = (
				5DFF42F22513E852007F8CE4 /* TwoGT.xcdatamodeld in Resources */,
				5D602A5A251D43D5001B18F5 /* creativeCommons.json in Resources */,
				5D3A177124B671FC0070739D /* LaunchScreen.storyboard in Resources */,
				5D3A176E24B671FC0070739D /* Preview Assets.xcassets in Resources */,
				5D61635224E063A500829AF2 /* NoHome.storyboard in Resources */,
				5DF3C6CE250BED8200F8D510 /* contributors.json in Resources */,
				5D3773EE25261925004060F6 /* Helper.storyboard in Resources */,
				5D6B210E2507DA1D00745A69 /* Marketplace.storyboard in Resources */,
				5D348A6025082AB700725820 /* Cards.storyboard in Resources */,
				5D2AAFB12518464500F5CE82 /* Dashboard.storyboard in Resources */,
				5D5D943124E2AF690077F488 /* citiesAndStates.json in Resources */,
				5D6B21112507E97700745A69 /* Events.storyboard in Resources */,
				5D3A176B24B671FC0070739D /* Assets.xcassets in Resources */,
				6D4E00FA2506E33E004BD000 /* GoogleService-Info.plist in Resources */,
			);
			runOnlyForDeploymentPostprocessing = 0;
		};
		5D3A177524B671FD0070739D /* Resources */ = {
			isa = PBXResourcesBuildPhase;
			buildActionMask = 2147483647;
			files = (
			);
			runOnlyForDeploymentPostprocessing = 0;
		};
/* End PBXResourcesBuildPhase section */

/* Begin PBXShellScriptBuildPhase section */
		A3EFF85A19D318E89EF5BE61 /* [CP] Embed Pods Frameworks */ = {
			isa = PBXShellScriptBuildPhase;
			buildActionMask = 2147483647;
			files = (
			);
			inputFileListPaths = (
				"${PODS_ROOT}/Target Support Files/Pods-TwoGT/Pods-TwoGT-frameworks-${CONFIGURATION}-input-files.xcfilelist",
			);
			name = "[CP] Embed Pods Frameworks";
			outputFileListPaths = (
				"${PODS_ROOT}/Target Support Files/Pods-TwoGT/Pods-TwoGT-frameworks-${CONFIGURATION}-output-files.xcfilelist",
			);
			runOnlyForDeploymentPostprocessing = 0;
			shellPath = /bin/sh;
			shellScript = "\"${PODS_ROOT}/Target Support Files/Pods-TwoGT/Pods-TwoGT-frameworks.sh\"\n";
			showEnvVarsInLog = 0;
		};
		A4C5B35A929BF11D66D96FED /* [CP] Check Pods Manifest.lock */ = {
			isa = PBXShellScriptBuildPhase;
			buildActionMask = 2147483647;
			files = (
			);
			inputFileListPaths = (
			);
			inputPaths = (
				"${PODS_PODFILE_DIR_PATH}/Podfile.lock",
				"${PODS_ROOT}/Manifest.lock",
			);
			name = "[CP] Check Pods Manifest.lock";
			outputFileListPaths = (
			);
			outputPaths = (
				"$(DERIVED_FILE_DIR)/Pods-TwoGTTests-checkManifestLockResult.txt",
			);
			runOnlyForDeploymentPostprocessing = 0;
			shellPath = /bin/sh;
			shellScript = "diff \"${PODS_PODFILE_DIR_PATH}/Podfile.lock\" \"${PODS_ROOT}/Manifest.lock\" > /dev/null\nif [ $? != 0 ] ; then\n    # print error to STDERR\n    echo \"error: The sandbox is not in sync with the Podfile.lock. Run 'pod install' or update your CocoaPods installation.\" >&2\n    exit 1\nfi\n# This output is used by Xcode 'outputs' to avoid re-running this script phase.\necho \"SUCCESS\" > \"${SCRIPT_OUTPUT_FILE_0}\"\n";
			showEnvVarsInLog = 0;
		};
		C0910931D539C264FD7105FF /* [CP] Check Pods Manifest.lock */ = {
			isa = PBXShellScriptBuildPhase;
			buildActionMask = 2147483647;
			files = (
			);
			inputFileListPaths = (
			);
			inputPaths = (
				"${PODS_PODFILE_DIR_PATH}/Podfile.lock",
				"${PODS_ROOT}/Manifest.lock",
			);
			name = "[CP] Check Pods Manifest.lock";
			outputFileListPaths = (
			);
			outputPaths = (
				"$(DERIVED_FILE_DIR)/Pods-TwoGT-checkManifestLockResult.txt",
			);
			runOnlyForDeploymentPostprocessing = 0;
			shellPath = /bin/sh;
			shellScript = "diff \"${PODS_PODFILE_DIR_PATH}/Podfile.lock\" \"${PODS_ROOT}/Manifest.lock\" > /dev/null\nif [ $? != 0 ] ; then\n    # print error to STDERR\n    echo \"error: The sandbox is not in sync with the Podfile.lock. Run 'pod install' or update your CocoaPods installation.\" >&2\n    exit 1\nfi\n# This output is used by Xcode 'outputs' to avoid re-running this script phase.\necho \"SUCCESS\" > \"${SCRIPT_OUTPUT_FILE_0}\"\n";
			showEnvVarsInLog = 0;
		};
/* End PBXShellScriptBuildPhase section */

/* Begin PBXSourcesBuildPhase section */
		5D3A175A24B671F90070739D /* Sources */ = {
			isa = PBXSourcesBuildPhase;
			buildActionMask = 2147483647;
			files = (
				5D937D41252BDCD700DC02D1 /* AppLocationInfo+CoreDataProperties.swift in Sources */,
				5D937D45252BDCD700DC02D1 /* Have+CoreDataProperties.swift in Sources */,
				5D937D3D252BDCD700DC02D1 /* Item+CoreDataClass.swift in Sources */,
				5D61635B24E090CB00829AF2 /* MarketplaceMatchesVC.swift in Sources */,
				5D937D36252BDCD700DC02D1 /* ImageInfo+CoreDataProperties.swift in Sources */,
				5D937D29252BDCD700DC02D1 /* SocialMedia+CoreDataClass.swift in Sources */,
				6D10D5552527A32700694EDF /* UserHandles.swift in Sources */,
				5D937D42252BDCD700DC02D1 /* PhoneNumber+CoreDataProperties.swift in Sources */,
				5DF880AA2520556200E34F2F /* SpinnerVC.swift in Sources */,
				5D4A81FC250A99BB00AFC5E5 /* FeedbackVC.swift in Sources */,
				6D62543225253C5800E47E06 /* CardReceiverObserver.swift in Sources */,
				5DBDA61525160C0C001A80A5 /* EnvironmentValues+ImageCache.swift in Sources */,
				5D0A268225226A2B00FEBE62 /* CardTemplateModel+Dragging.swift in Sources */,
				6D6254262524FEAE00E47E06 /* CardWriter.swift in Sources */,
				5D937D39252BDCD700DC02D1 /* Address+CoreDataClass.swift in Sources */,
				5D3773DB25254D40004060F6 /* RatingVC.swift in Sources */,
				5D8A05BC2508AAD600202F79 /* DashboardVC.swift in Sources */,
				5D937D3C252BDCD700DC02D1 /* User+CoreDataProperties.swift in Sources */,
				5D937D43252BDCD700DC02D1 /* PhoneNumber+CoreDataClass.swift in Sources */,
				5DBDA5CA25158E32001A80A5 /* MyNeedsSearchDisplayVC.swift in Sources */,
				6D4E00FC2506E7D1004BD000 /* NewsFeedFetcher.swift in Sources */,
				5D602A53251CF458001B18F5 /* AddHaveToWatchVC.swift in Sources */,
				5D348A65250839E600725820 /* BaseSwipeVC.swift in Sources */,
				5D937D30252BDCD700DC02D1 /* SocialMedia+CoreDataProperties.swift in Sources */,
				5D7724892511E2F30031A9CA /* ViewIndividualHaveVC.swift in Sources */,
				5D6B210B250186BA00745A69 /* UIView+Extensions.swift in Sources */,
				5D937D2C252BDCD700DC02D1 /* AppLocationInfo+CoreDataClass.swift in Sources */,
				5D47FB97252AC475004472EE /* GateKeeper.swift in Sources */,
				5D602A57251D3EAC001B18F5 /* CreativeCommonsVC.swift in Sources */,
				5D5D943324E2B11C0077F488 /* CityStateSearchVC.swift in Sources */,
				5D937D2B252BDCD700DC02D1 /* SearchLocation+CoreDataClass.swift in Sources */,
				5D6B2109250186BA00745A69 /* UIColor+Hex.swift in Sources */,
				5D937D3E252BDCD700DC02D1 /* CardTemplateInstance+CoreDataProperties.swift in Sources */,
				5D3A176224B671F90070739D /* AppDelegate.swift in Sources */,
				6D6254222524FAE500E47E06 /* CardFetcher.swift in Sources */,
				5D772487251194930031A9CA /* HavesSearchDisplayVC.swift in Sources */,
				6D4E01002507247A004BD000 /* NeedFetcher.swift in Sources */,
				5D4A81F9250A959500AFC5E5 /* UIApplication+Extensions.swift in Sources */,
				5D4A81F425097F2100AFC5E5 /* Notes.swift in Sources */,
				5D937D2E252BDCD700DC02D1 /* CardTemplate+CoreDataProperties.swift in Sources */,
				5D0A268325226A2B00FEBE62 /* CardTemplateModel.swift in Sources */,
				5D3773EA252613D5004060F6 /* TextViewHelperVC.swift in Sources */,
				5D937D2D252BDCD700DC02D1 /* Community+CoreDataClass.swift in Sources */,
				6D12F8FB2517141A000221E9 /* CoreDataObjectExtensions.swift in Sources */,
				5D8AF9422523DC3100B0B6FC /* CoreDataImageHelper.swift in Sources */,
				5D067E5B252837F200E8546C /* UIImage+Additions.swift in Sources */,
				5DBB81A8251AB65D00614B70 /* MarketplaceModel.swift in Sources */,
				5D937D35252BDCD700DC02D1 /* Email+CoreDataClass.swift in Sources */,
				5D937D3B252BDCD700DC02D1 /* ContactRating+CoreDataProperties.swift in Sources */,
				5DC434DB251FA25D0036BEF8 /* CardTemplatesVC.swift in Sources */,
				5D6B2108250186BA00745A69 /* UIViewController+Extensions.swift in Sources */,
				5DC434DF251FA2C20036BEF8 /* AllReceivedCardsVC.swift in Sources */,
				5DF3C6C9250AFBBF00F8D510 /* String+Extensions.swift in Sources */,
				5D937D40252BDCD700DC02D1 /* Need+CoreDataClass.swift in Sources */,
				5DBE439824C64219002C6515 /* YouVC.swift in Sources */,
				5DBDA61625160C0C001A80A5 /* ImageCache.swift in Sources */,
				5D4A81F7250A860200AFC5E5 /* ViewIndividualNeedVC.swift in Sources */,
				5D8AF9B42525401300B0B6FC /* ViewContactVC.swift in Sources */,
				5D937D33252BDCD700DC02D1 /* Item+CoreDataProperties.swift in Sources */,
				5D61635E24E090F400829AF2 /* MarketplaceSearchAndCreationVC.swift in Sources */,
				5D937D34252BDCD700DC02D1 /* CardTemplate+CoreDataClass.swift in Sources */,
				5DA077882512AFF1000E46D9 /* EventsSearchAndCreationVC.swift in Sources */,
				5D937D2A252BDCD700DC02D1 /* SearchLocation+CoreDataProperties.swift in Sources */,
				5D937D31252BDCD700DC02D1 /* Have+CoreDataClass.swift in Sources */,
				5DBDA5CF25158E58001A80A5 /* MyHavesSearchDisplayVC.swift in Sources */,
				5DC434D3251EF56B0036BEF8 /* AddNewEmailVC.swift in Sources */,
				5D937D37252BDCD700DC02D1 /* Address+CoreDataProperties.swift in Sources */,
				5D6B210A250186BA00745A69 /* Date+Extensions.swift in Sources */,
				5D5948A8251CE6C8004D0BFB /* AddNeedToWatchVC.swift in Sources */,
				5D937D38252BDCD700DC02D1 /* Email+CoreDataProperties.swift in Sources */,
				5DFF42D12513E6F3007F8CE4 /* Saves.swift in Sources */,
				5D4A81F02509793300AFC5E5 /* NeedsSearchDisplayVC.swift in Sources */,
				6D4E00FE25070222004BD000 /* NeedWriter.swift in Sources */,
				5D61635624E086E400829AF2 /* Customizer.swift in Sources */,
				5D61635924E08F8000829AF2 /* Enums.swift in Sources */,
				5D76DF2B252B7ED7008822A4 /* ContactIntroVC.swift in Sources */,
				5DF880AE2520FEA700E34F2F /* CardTemplateCreatorVC.swift in Sources */,
				5DC87A2025161778004BCB3E /* MyCardInitialView.swift in Sources */,
				5DBDA61425160C0C001A80A5 /* ImageLoader.swift in Sources */,
				5D3A176924B671F90070739D /* ContentView.swift in Sources */,
				5D5EDD8F2519639F00A61342 /* DashboardDeMinimusVC.swift in Sources */,
				6D4E010225086514004BD000 /* HaveWriter.swift in Sources */,
				5D937D32252BDCD700DC02D1 /* CardTemplateInstance+CoreDataClass.swift in Sources */,
				5DD8F4F325165E8C004A4528 /* ViewMyHaveVC.swift in Sources */,
				5D937D26252BDCD700DC02D1 /* Community+CoreDataProperties.swift in Sources */,
				5D8AF9642524D37000B0B6FC /* ViewMyTemplateVC.swift in Sources */,
				5D937D2F252BDCD700DC02D1 /* ImageInfo+CoreDataClass.swift in Sources */,
				5D61635424E0678E00829AF2 /* ProfileCustomTab.swift in Sources */,
				5DF3C6CC250BD86000F8D510 /* EntryFlowVCCollection.swift in Sources */,
				5D3773F225265375004060F6 /* CompleteAndSendCardVC.swift in Sources */,
				5D77248525114DE10031A9CA /* PurposeCreationManager.swift in Sources */,
				5D937D28252BDCD700DC02D1 /* ContactRating+CoreDataClass.swift in Sources */,
				5DC434D7251EF5800036BEF8 /* AddNewPhoneNumberVC.swift in Sources */,
				5DF3C6D0250BF04700F8D510 /* ContributorsVC.swift in Sources */,
				5D937D3A252BDCD700DC02D1 /* Contact+CoreDataClass.swift in Sources */,
				5D61636024E0972D00829AF2 /* KeychainService.swift in Sources */,
				5D937D27252BDCD700DC02D1 /* Contact+CoreDataProperties.swift in Sources */,
				5DC434C7251E5B310036BEF8 /* AddNewAddressVC.swift in Sources */,
				5D2AAFB5251854CE00F5CE82 /* InviteATesterVC.swift in Sources */,
				5D937D3F252BDCD700DC02D1 /* User+CoreDataClass.swift in Sources */,
				5DD8F4EF25165E75004A4528 /* ViewMyNeedVC.swift in Sources */,
				5D77247B25112FAB0031A9CA /* JSONSchemaSupport.swift in Sources */,
				5DBE439624C62A5A002C6515 /* LogInVC.swift in Sources */,
				6D4E01042508679C004BD000 /* HaveFetcher.swift in Sources */,
				5D3A176424B671F90070739D /* SceneDelegate.swift in Sources */,
				5DBDA61325160C0C001A80A5 /* AsyncImage.swift in Sources */,
				5D937D44252BDCD700DC02D1 /* Need+CoreDataProperties.swift in Sources */,
				5D348A6325082CB200725820 /* CardsIntroVC.swift in Sources */,
				5DC434E4251FD3AB0036BEF8 /* ClassesForCustomizer.swift in Sources */,
				5D0A268B252291C000FEBE62 /* CustomCardCells.swift in Sources */,
			);
			runOnlyForDeploymentPostprocessing = 0;
		};
		5D3A177324B671FD0070739D /* Sources */ = {
			isa = PBXSourcesBuildPhase;
			buildActionMask = 2147483647;
			files = (
				5D3A177C24B671FD0070739D /* TwoGTTests.swift in Sources */,
			);
			runOnlyForDeploymentPostprocessing = 0;
		};
/* End PBXSourcesBuildPhase section */

/* Begin PBXTargetDependency section */
		5D3A177924B671FD0070739D /* PBXTargetDependency */ = {
			isa = PBXTargetDependency;
			target = 5D3A175D24B671F90070739D /* TwoGT */;
			targetProxy = 5D3A177824B671FD0070739D /* PBXContainerItemProxy */;
		};
/* End PBXTargetDependency section */

/* Begin PBXVariantGroup section */
		5D3A176F24B671FC0070739D /* LaunchScreen.storyboard */ = {
			isa = PBXVariantGroup;
			children = (
				5D3A177024B671FC0070739D /* Base */,
			);
			name = LaunchScreen.storyboard;
			sourceTree = "<group>";
		};
/* End PBXVariantGroup section */

/* Begin XCBuildConfiguration section */
		5D3A177E24B671FD0070739D /* Debug */ = {
			isa = XCBuildConfiguration;
			buildSettings = {
				ALWAYS_SEARCH_USER_PATHS = NO;
				CLANG_ANALYZER_NONNULL = YES;
				CLANG_ANALYZER_NUMBER_OBJECT_CONVERSION = YES_AGGRESSIVE;
				CLANG_CXX_LANGUAGE_STANDARD = "gnu++14";
				CLANG_CXX_LIBRARY = "libc++";
				CLANG_ENABLE_MODULES = YES;
				CLANG_ENABLE_OBJC_ARC = YES;
				CLANG_ENABLE_OBJC_WEAK = YES;
				CLANG_WARN_BLOCK_CAPTURE_AUTORELEASING = YES;
				CLANG_WARN_BOOL_CONVERSION = YES;
				CLANG_WARN_COMMA = YES;
				CLANG_WARN_CONSTANT_CONVERSION = YES;
				CLANG_WARN_DEPRECATED_OBJC_IMPLEMENTATIONS = YES;
				CLANG_WARN_DIRECT_OBJC_ISA_USAGE = YES_ERROR;
				CLANG_WARN_DOCUMENTATION_COMMENTS = YES;
				CLANG_WARN_EMPTY_BODY = YES;
				CLANG_WARN_ENUM_CONVERSION = YES;
				CLANG_WARN_INFINITE_RECURSION = YES;
				CLANG_WARN_INT_CONVERSION = YES;
				CLANG_WARN_NON_LITERAL_NULL_CONVERSION = YES;
				CLANG_WARN_OBJC_IMPLICIT_RETAIN_SELF = YES;
				CLANG_WARN_OBJC_LITERAL_CONVERSION = YES;
				CLANG_WARN_OBJC_ROOT_CLASS = YES_ERROR;
				CLANG_WARN_RANGE_LOOP_ANALYSIS = YES;
				CLANG_WARN_STRICT_PROTOTYPES = YES;
				CLANG_WARN_SUSPICIOUS_MOVE = YES;
				CLANG_WARN_UNGUARDED_AVAILABILITY = YES_AGGRESSIVE;
				CLANG_WARN_UNREACHABLE_CODE = YES;
				CLANG_WARN__DUPLICATE_METHOD_MATCH = YES;
				COPY_PHASE_STRIP = NO;
				DEBUG_INFORMATION_FORMAT = dwarf;
				ENABLE_STRICT_OBJC_MSGSEND = YES;
				ENABLE_TESTABILITY = YES;
				GCC_C_LANGUAGE_STANDARD = gnu11;
				GCC_DYNAMIC_NO_PIC = NO;
				GCC_NO_COMMON_BLOCKS = YES;
				GCC_OPTIMIZATION_LEVEL = 0;
				GCC_PREPROCESSOR_DEFINITIONS = (
					"DEBUG=1",
					"$(inherited)",
				);
				GCC_WARN_64_TO_32_BIT_CONVERSION = YES;
				GCC_WARN_ABOUT_RETURN_TYPE = YES_ERROR;
				GCC_WARN_UNDECLARED_SELECTOR = YES;
				GCC_WARN_UNINITIALIZED_AUTOS = YES_AGGRESSIVE;
				GCC_WARN_UNUSED_FUNCTION = YES;
				GCC_WARN_UNUSED_VARIABLE = YES;
				IPHONEOS_DEPLOYMENT_TARGET = 13.0;
				MTL_ENABLE_DEBUG_INFO = INCLUDE_SOURCE;
				MTL_FAST_MATH = YES;
				ONLY_ACTIVE_ARCH = YES;
				SDKROOT = iphoneos;
				SWIFT_ACTIVE_COMPILATION_CONDITIONS = DEBUG;
				SWIFT_OPTIMIZATION_LEVEL = "-Onone";
			};
			name = Debug;
		};
		5D3A177F24B671FD0070739D /* Release */ = {
			isa = XCBuildConfiguration;
			buildSettings = {
				ALWAYS_SEARCH_USER_PATHS = NO;
				CLANG_ANALYZER_NONNULL = YES;
				CLANG_ANALYZER_NUMBER_OBJECT_CONVERSION = YES_AGGRESSIVE;
				CLANG_CXX_LANGUAGE_STANDARD = "gnu++14";
				CLANG_CXX_LIBRARY = "libc++";
				CLANG_ENABLE_MODULES = YES;
				CLANG_ENABLE_OBJC_ARC = YES;
				CLANG_ENABLE_OBJC_WEAK = YES;
				CLANG_WARN_BLOCK_CAPTURE_AUTORELEASING = YES;
				CLANG_WARN_BOOL_CONVERSION = YES;
				CLANG_WARN_COMMA = YES;
				CLANG_WARN_CONSTANT_CONVERSION = YES;
				CLANG_WARN_DEPRECATED_OBJC_IMPLEMENTATIONS = YES;
				CLANG_WARN_DIRECT_OBJC_ISA_USAGE = YES_ERROR;
				CLANG_WARN_DOCUMENTATION_COMMENTS = YES;
				CLANG_WARN_EMPTY_BODY = YES;
				CLANG_WARN_ENUM_CONVERSION = YES;
				CLANG_WARN_INFINITE_RECURSION = YES;
				CLANG_WARN_INT_CONVERSION = YES;
				CLANG_WARN_NON_LITERAL_NULL_CONVERSION = YES;
				CLANG_WARN_OBJC_IMPLICIT_RETAIN_SELF = YES;
				CLANG_WARN_OBJC_LITERAL_CONVERSION = YES;
				CLANG_WARN_OBJC_ROOT_CLASS = YES_ERROR;
				CLANG_WARN_RANGE_LOOP_ANALYSIS = YES;
				CLANG_WARN_STRICT_PROTOTYPES = YES;
				CLANG_WARN_SUSPICIOUS_MOVE = YES;
				CLANG_WARN_UNGUARDED_AVAILABILITY = YES_AGGRESSIVE;
				CLANG_WARN_UNREACHABLE_CODE = YES;
				CLANG_WARN__DUPLICATE_METHOD_MATCH = YES;
				COPY_PHASE_STRIP = NO;
				DEBUG_INFORMATION_FORMAT = "dwarf-with-dsym";
				ENABLE_NS_ASSERTIONS = NO;
				ENABLE_STRICT_OBJC_MSGSEND = YES;
				GCC_C_LANGUAGE_STANDARD = gnu11;
				GCC_NO_COMMON_BLOCKS = YES;
				GCC_WARN_64_TO_32_BIT_CONVERSION = YES;
				GCC_WARN_ABOUT_RETURN_TYPE = YES_ERROR;
				GCC_WARN_UNDECLARED_SELECTOR = YES;
				GCC_WARN_UNINITIALIZED_AUTOS = YES_AGGRESSIVE;
				GCC_WARN_UNUSED_FUNCTION = YES;
				GCC_WARN_UNUSED_VARIABLE = YES;
				IPHONEOS_DEPLOYMENT_TARGET = 13.0;
				MTL_ENABLE_DEBUG_INFO = NO;
				MTL_FAST_MATH = YES;
				SDKROOT = iphoneos;
				SWIFT_COMPILATION_MODE = wholemodule;
				SWIFT_OPTIMIZATION_LEVEL = "-O";
				VALIDATE_PRODUCT = YES;
			};
			name = Release;
		};
		5D3A178124B671FD0070739D /* Debug */ = {
			isa = XCBuildConfiguration;
			baseConfigurationReference = 842575F5449A3602CFF28CF6 /* Pods-TwoGT.debug.xcconfig */;
			buildSettings = {
				ASSETCATALOG_COMPILER_APPICON_NAME = AppIcon;
				CODE_SIGN_ENTITLEMENTS = TwoGT/Talone.entitlements;
				CODE_SIGN_STYLE = Automatic;
				DEVELOPMENT_ASSET_PATHS = "\"TwoGT/Preview Content\"";
				DEVELOPMENT_TEAM = 975CLU4P9Y;
				ENABLE_PREVIEWS = YES;
				INFOPLIST_FILE = TwoGT/Info.plist;
				IPHONEOS_DEPLOYMENT_TARGET = 13.0;
				LD_RUNPATH_SEARCH_PATHS = (
					"$(inherited)",
					"@executable_path/Frameworks",
				);
				PRODUCT_BUNDLE_IDENTIFIER = com.ArthurMayes.Talone;
				PRODUCT_NAME = Talone;
				SWIFT_COMPILATION_MODE = wholemodule;
				SWIFT_VERSION = 5.0;
				TARGETED_DEVICE_FAMILY = 1;
			};
			name = Debug;
		};
		5D3A178224B671FD0070739D /* Release */ = {
			isa = XCBuildConfiguration;
			baseConfigurationReference = CE6420A4923A243C29C1A436 /* Pods-TwoGT.release.xcconfig */;
			buildSettings = {
				ASSETCATALOG_COMPILER_APPICON_NAME = AppIcon;
				CODE_SIGN_ENTITLEMENTS = TwoGT/Talone.entitlements;
				CODE_SIGN_STYLE = Automatic;
				DEVELOPMENT_ASSET_PATHS = "\"TwoGT/Preview Content\"";
				DEVELOPMENT_TEAM = 975CLU4P9Y;
				ENABLE_PREVIEWS = YES;
				INFOPLIST_FILE = TwoGT/Info.plist;
				IPHONEOS_DEPLOYMENT_TARGET = 13.0;
				LD_RUNPATH_SEARCH_PATHS = (
					"$(inherited)",
					"@executable_path/Frameworks",
				);
				PRODUCT_BUNDLE_IDENTIFIER = com.ArthurMayes.Talone;
				PRODUCT_NAME = Talone;
				SWIFT_VERSION = 5.0;
				TARGETED_DEVICE_FAMILY = 1;
			};
			name = Release;
		};
		5D3A178424B671FD0070739D /* Debug */ = {
			isa = XCBuildConfiguration;
			baseConfigurationReference = 3C4DAA0228444D1B5B063AB2 /* Pods-TwoGTTests.debug.xcconfig */;
			buildSettings = {
				ALWAYS_EMBED_SWIFT_STANDARD_LIBRARIES = YES;
				BUNDLE_LOADER = "$(TEST_HOST)";
				CODE_SIGN_STYLE = Automatic;
				DEVELOPMENT_TEAM = 975CLU4P9Y;
				INFOPLIST_FILE = TwoGTTests/Info.plist;
				IPHONEOS_DEPLOYMENT_TARGET = 13.5;
				LD_RUNPATH_SEARCH_PATHS = (
					"$(inherited)",
					"@executable_path/Frameworks",
					"@loader_path/Frameworks",
				);
				PRODUCT_BUNDLE_IDENTIFIER = com.ArthurMayes.TwoGTTests;
				PRODUCT_NAME = "$(TARGET_NAME)";
				SWIFT_VERSION = 5.0;
				TARGETED_DEVICE_FAMILY = "1,2";
				TEST_HOST = "$(BUILT_PRODUCTS_DIR)/TwoGT.app/TwoGT";
			};
			name = Debug;
		};
		5D3A178524B671FD0070739D /* Release */ = {
			isa = XCBuildConfiguration;
			baseConfigurationReference = 750251F2B01BDC3A7F768084 /* Pods-TwoGTTests.release.xcconfig */;
			buildSettings = {
				ALWAYS_EMBED_SWIFT_STANDARD_LIBRARIES = YES;
				BUNDLE_LOADER = "$(TEST_HOST)";
				CODE_SIGN_STYLE = Automatic;
				DEVELOPMENT_TEAM = 975CLU4P9Y;
				INFOPLIST_FILE = TwoGTTests/Info.plist;
				IPHONEOS_DEPLOYMENT_TARGET = 13.5;
				LD_RUNPATH_SEARCH_PATHS = (
					"$(inherited)",
					"@executable_path/Frameworks",
					"@loader_path/Frameworks",
				);
				PRODUCT_BUNDLE_IDENTIFIER = com.ArthurMayes.TwoGTTests;
				PRODUCT_NAME = "$(TARGET_NAME)";
				SWIFT_VERSION = 5.0;
				TARGETED_DEVICE_FAMILY = "1,2";
				TEST_HOST = "$(BUILT_PRODUCTS_DIR)/TwoGT.app/TwoGT";
			};
			name = Release;
		};
/* End XCBuildConfiguration section */

/* Begin XCConfigurationList section */
		5D3A175924B671F90070739D /* Build configuration list for PBXProject "TwoGT" */ = {
			isa = XCConfigurationList;
			buildConfigurations = (
				5D3A177E24B671FD0070739D /* Debug */,
				5D3A177F24B671FD0070739D /* Release */,
			);
			defaultConfigurationIsVisible = 0;
			defaultConfigurationName = Release;
		};
		5D3A178024B671FD0070739D /* Build configuration list for PBXNativeTarget "TwoGT" */ = {
			isa = XCConfigurationList;
			buildConfigurations = (
				5D3A178124B671FD0070739D /* Debug */,
				5D3A178224B671FD0070739D /* Release */,
			);
			defaultConfigurationIsVisible = 0;
			defaultConfigurationName = Release;
		};
		5D3A178324B671FD0070739D /* Build configuration list for PBXNativeTarget "TwoGTTests" */ = {
			isa = XCConfigurationList;
			buildConfigurations = (
				5D3A178424B671FD0070739D /* Debug */,
				5D3A178524B671FD0070739D /* Release */,
			);
			defaultConfigurationIsVisible = 0;
			defaultConfigurationName = Release;
		};
/* End XCConfigurationList section */

/* Begin XCVersionGroup section */
		5D3A176524B671F90070739D /* TwoGT.xcdatamodeld */ = {
			isa = XCVersionGroup;
			children = (
				5D3A176624B671F90070739D /* TwoGT.xcdatamodel */,
			);
			currentVersion = 5D3A176624B671F90070739D /* TwoGT.xcdatamodel */;
			path = TwoGT.xcdatamodeld;
			sourceTree = "<group>";
			versionGroupType = wrapper.xcdatamodel;
		};
/* End XCVersionGroup section */
	};
	rootObject = 5D3A175624B671F90070739D /* Project object */;
}
